// !$*UTF8*$!
{
	archiveVersion = 1;
	classes = {
	};
	objectVersion = 50;
	objects = {

/* Begin PBXBuildFile section */
		A87FDD8724DCA35F00A131CB /* AppDelegate.swift in Sources */ = {isa = PBXBuildFile; fileRef = A87FDD8624DCA35F00A131CB /* AppDelegate.swift */; };
		A87FDD8924DCA35F00A131CB /* SceneDelegate.swift in Sources */ = {isa = PBXBuildFile; fileRef = A87FDD8824DCA35F00A131CB /* SceneDelegate.swift */; };
		A87FDD8B24DCA35F00A131CB /* ContentView.swift in Sources */ = {isa = PBXBuildFile; fileRef = A87FDD8A24DCA35F00A131CB /* ContentView.swift */; };
		A87FDD8D24DCA36000A131CB /* Assets.xcassets in Resources */ = {isa = PBXBuildFile; fileRef = A87FDD8C24DCA36000A131CB /* Assets.xcassets */; };
		A87FDD9024DCA36000A131CB /* Preview Assets.xcassets in Resources */ = {isa = PBXBuildFile; fileRef = A87FDD8F24DCA36000A131CB /* Preview Assets.xcassets */; };
		A87FDD9324DCA36000A131CB /* LaunchScreen.storyboard in Resources */ = {isa = PBXBuildFile; fileRef = A87FDD9124DCA36000A131CB /* LaunchScreen.storyboard */; };
/* End PBXBuildFile section */

/* Begin PBXFileReference section */
		A87FDD8324DCA35F00A131CB /* Loading View.app */ = {isa = PBXFileReference; explicitFileType = wrapper.application; includeInIndex = 0; path = "Loading View.app"; sourceTree = BUILT_PRODUCTS_DIR; };
		A87FDD8624DCA35F00A131CB /* AppDelegate.swift */ = {isa = PBXFileReference; lastKnownFileType = sourcecode.swift; path = AppDelegate.swift; sourceTree = "<group>"; };
		A87FDD8824DCA35F00A131CB /* SceneDelegate.swift */ = {isa = PBXFileReference; lastKnownFileType = sourcecode.swift; path = SceneDelegate.swift; sourceTree = "<group>"; };
		A87FDD8A24DCA35F00A131CB /* ContentView.swift */ = {isa = PBXFileReference; lastKnownFileType = sourcecode.swift; path = ContentView.swift; sourceTree = "<group>"; };
		A87FDD8C24DCA36000A131CB /* Assets.xcassets */ = {isa = PBXFileReference; lastKnownFileType = folder.assetcatalog; path = Assets.xcassets; sourceTree = "<group>"; };
		A87FDD8F24DCA36000A131CB /* Preview Assets.xcassets */ = {isa = PBXFileReference; lastKnownFileType = folder.assetcatalog; path = "Preview Assets.xcassets"; sourceTree = "<group>"; };
		A87FDD9224DCA36000A131CB /* Base */ = {isa = PBXFileReference; lastKnownFileType = file.storyboard; name = Base; path = Base.lproj/LaunchScreen.storyboard; sourceTree = "<group>"; };
		A87FDD9424DCA36000A131CB /* Info.plist */ = {isa = PBXFileReference; lastKnownFileType = text.plist.xml; path = Info.plist; sourceTree = "<group>"; };
/* End PBXFileReference section */

/* Begin PBXFrameworksBuildPhase section */
		A87FDD8024DCA35F00A131CB /* Frameworks */ = {
			isa = PBXFrameworksBuildPhase;
			buildActionMask = 2147483647;
			files = (
			);
			runOnlyForDeploymentPostprocessing = 0;
		};
/* End PBXFrameworksBuildPhase section */

/* Begin PBXGroup section */
		A87FDD7A24DCA35F00A131CB = {
			isa = PBXGroup;
			children = (
				A87FDD8524DCA35F00A131CB /* Loading View */,
				A87FDD8424DCA35F00A131CB /* Products */,
			);
			sourceTree = "<group>";
		};
		A87FDD8424DCA35F00A131CB /* Products */ = {
			isa = PBXGroup;
			children = (
				A87FDD8324DCA35F00A131CB /* Loading View.app */,
			);
			name = Products;
			sourceTree = "<group>";
		};
		A87FDD8524DCA35F00A131CB /* Loading View */ = {
			isa = PBXGroup;
			children = (
				A87FDD8624DCA35F00A131CB /* AppDelegate.swift */,
				A87FDD8824DCA35F00A131CB /* SceneDelegate.swift */,
				A87FDD8A24DCA35F00A131CB /* ContentView.swift */,
				A87FDD8C24DCA36000A131CB /* Assets.xcassets */,
				A87FDD9124DCA36000A131CB /* LaunchScreen.storyboard */,
				A87FDD9424DCA36000A131CB /* Info.plist */,
				A87FDD8E24DCA36000A131CB /* Preview Content */,
			);
			path = "Loading View";
			sourceTree = "<group>";
		};
		A87FDD8E24DCA36000A131CB /* Preview Content */ = {
			isa = PBXGroup;
			children = (
				A87FDD8F24DCA36000A131CB /* Preview Assets.xcassets */,
			);
			path = "Preview Content";
			sourceTree = "<group>";
		};
/* End PBXGroup section */

/* Begin PBXNativeTarget section */
		A87FDD8224DCA35F00A131CB /* Loading View */ = {
			isa = PBXNativeTarget;
			buildConfigurationList = A87FDD9724DCA36000A131CB /* Build configuration list for PBXNativeTarget "Loading View" */;
			buildPhases = (
				A87FDD7F24DCA35F00A131CB /* Sources */,
				A87FDD8024DCA35F00A131CB /* Frameworks */,
				A87FDD8124DCA35F00A131CB /* Resources */,
			);
			buildRules = (
			);
			dependencies = (
			);
			name = "Loading View";
			productName = "Loading View";
			productReference = A87FDD8324DCA35F00A131CB /* Loading View.app */;
			productType = "com.apple.product-type.application";
		};
/* End PBXNativeTarget section */

/* Begin PBXProject section */
		A87FDD7B24DCA35F00A131CB /* Project object */ = {
			isa = PBXProject;
			attributes = {
				LastSwiftUpdateCheck = 1160;
				LastUpgradeCheck = 1160;
				ORGANIZATIONNAME = "Omar Alejandro Robles Altamirano";
				TargetAttributes = {
					A87FDD8224DCA35F00A131CB = {
						CreatedOnToolsVersion = 11.6;
					};
				};
			};
			buildConfigurationList = A87FDD7E24DCA35F00A131CB /* Build configuration list for PBXProject "Loading View" */;
			compatibilityVersion = "Xcode 9.3";
			developmentRegion = en;
			hasScannedForEncodings = 0;
			knownRegions = (
				en,
				Base,
			);
			mainGroup = A87FDD7A24DCA35F00A131CB;
			productRefGroup = A87FDD8424DCA35F00A131CB /* Products */;
			projectDirPath = "";
			projectRoot = "";
			targets = (
				A87FDD8224DCA35F00A131CB /* Loading View */,
			);
		};
/* End PBXProject section */

/* Begin PBXResourcesBuildPhase section */
		A87FDD8124DCA35F00A131CB /* Resources */ = {
			isa = PBXResourcesBuildPhase;
			buildActionMask = 2147483647;
			files = (
				A87FDD9324DCA36000A131CB /* LaunchScreen.storyboard in Resources */,
				A87FDD9024DCA36000A131CB /* Preview Assets.xcassets in Resources */,
				A87FDD8D24DCA36000A131CB /* Assets.xcassets in Resources */,
			);
			runOnlyForDeploymentPostprocessing = 0;
		};
/* End PBXResourcesBuildPhase section */

/* Begin PBXSourcesBuildPhase section */
		A87FDD7F24DCA35F00A131CB /* Sources */ = {
			isa = PBXSourcesBuildPhase;
			buildActionMask = 2147483647;
			files = (
				A87FDD8724DCA35F00A131CB /* AppDelegate.swift in Sources */,
				A87FDD8924DCA35F00A131CB /* SceneDelegate.swift in Sources */,
				A87FDD8B24DCA35F00A131CB /* ContentView.swift in Sources */,
			);
			runOnlyForDeploymentPostprocessing = 0;
		};
/* End PBXSourcesBuildPhase section */

/* Begin PBXVariantGroup section */
		A87FDD9124DCA36000A131CB /* LaunchScreen.storyboard */ = {
			isa = PBXVariantGroup;
			children = (
				A87FDD9224DCA36000A131CB /* Base */,
			);
			name = LaunchScreen.storyboard;
			sourceTree = "<group>";
		};
/* End PBXVariantGroup section */

/* Begin XCBuildConfiguration section */
		A87FDD9524DCA36000A131CB /* Debug */ = {
			isa = XCBuildConfiguration;
			buildSettings = {
				ALWAYS_SEARCH_USER_PATHS = NO;
				CLANG_ANALYZER_NONNULL = YES;
				CLANG_ANALYZER_NUMBER_OBJECT_CONVERSION = YES_AGGRESSIVE;
				CLANG_CXX_LANGUAGE_STANDARD = "gnu++14";
				CLANG_CXX_LIBRARY = "libc++";
				CLANG_ENABLE_MODULES = YES;
				CLANG_ENABLE_OBJC_ARC = YES;
				CLANG_ENABLE_OBJC_WEAK = YES;
				CLANG_WARN_BLOCK_CAPTURE_AUTORELEASING = YES;
				CLANG_WARN_BOOL_CONVERSION = YES;
				CLANG_WARN_COMMA = YES;
				CLANG_WARN_CONSTANT_CONVERSION = YES;
				CLANG_WARN_DEPRECATED_OBJC_IMPLEMENTATIONS = YES;
				CLANG_WARN_DIRECT_OBJC_ISA_USAGE = YES_ERROR;
				CLANG_WARN_DOCUMENTATION_COMMENTS = YES;
				CLANG_WARN_EMPTY_BODY = YES;
				CLANG_WARN_ENUM_CONVERSION = YES;
				CLANG_WARN_INFINITE_RECURSION = YES;
				CLANG_WARN_INT_CONVERSION = YES;
				CLANG_WARN_NON_LITERAL_NULL_CONVERSION = YES;
				CLANG_WARN_OBJC_IMPLICIT_RETAIN_SELF = YES;
				CLANG_WARN_OBJC_LITERAL_CONVERSION = YES;
				CLANG_WARN_OBJC_ROOT_CLASS = YES_ERROR;
				CLANG_WARN_RANGE_LOOP_ANALYSIS = YES;
				CLANG_WARN_STRICT_PROTOTYPES = YES;
				CLANG_WARN_SUSPICIOUS_MOVE = YES;
				CLANG_WARN_UNGUARDED_AVAILABILITY = YES_AGGRESSIVE;
				CLANG_WARN_UNREACHABLE_CODE = YES;
				CLANG_WARN__DUPLICATE_METHOD_MATCH = YES;
				COPY_PHASE_STRIP = NO;
				DEBUG_INFORMATION_FORMAT = dwarf;
				ENABLE_STRICT_OBJC_MSGSEND = YES;
				ENABLE_TESTABILITY = YES;
				GCC_C_LANGUAGE_STANDARD = gnu11;
				GCC_DYNAMIC_NO_PIC = NO;
				GCC_NO_COMMON_BLOCKS = YES;
				GCC_OPTIMIZATION_LEVEL = 0;
				GCC_PREPROCESSOR_DEFINITIONS = (
					"DEBUG=1",
					"$(inherited)",
				);
				GCC_WARN_64_TO_32_BIT_CONVERSION = YES;
				GCC_WARN_ABOUT_RETURN_TYPE = YES_ERROR;
				GCC_WARN_UNDECLARED_SELECTOR = YES;
				GCC_WARN_UNINITIALIZED_AUTOS = YES_AGGRESSIVE;
				GCC_WARN_UNUSED_FUNCTION = YES;
				GCC_WARN_UNUSED_VARIABLE = YES;
				IPHONEOS_DEPLOYMENT_TARGET = 13.6;
				MTL_ENABLE_DEBUG_INFO = INCLUDE_SOURCE;
				MTL_FAST_MATH = YES;
				ONLY_ACTIVE_ARCH = YES;
				SDKROOT = iphoneos;
				SWIFT_ACTIVE_COMPILATION_CONDITIONS = DEBUG;
				SWIFT_OPTIMIZATION_LEVEL = "-Onone";
			};
			name = Debug;
		};
		A87FDD9624DCA36000A131CB /* Release */ = {
			isa = XCBuildConfiguration;
			buildSettings = {
				ALWAYS_SEARCH_USER_PATHS = NO;
				CLANG_ANALYZER_NONNULL = YES;
				CLANG_ANALYZER_NUMBER_OBJECT_CONVERSION = YES_AGGRESSIVE;
				CLANG_CXX_LANGUAGE_STANDARD = "gnu++14";
				CLANG_CXX_LIBRARY = "libc++";
				CLANG_ENABLE_MODULES = YES;
				CLANG_ENABLE_OBJC_ARC = YES;
				CLANG_ENABLE_OBJC_WEAK = YES;
				CLANG_WARN_BLOCK_CAPTURE_AUTORELEASING = YES;
				CLANG_WARN_BOOL_CONVERSION = YES;
				CLANG_WARN_COMMA = YES;
				CLANG_WARN_CONSTANT_CONVERSION = YES;
				CLANG_WARN_DEPRECATED_OBJC_IMPLEMENTATIONS = YES;
				CLANG_WARN_DIRECT_OBJC_ISA_USAGE = YES_ERROR;
				CLANG_WARN_DOCUMENTATION_COMMENTS = YES;
				CLANG_WARN_EMPTY_BODY = YES;
				CLANG_WARN_ENUM_CONVERSION = YES;
				CLANG_WARN_INFINITE_RECURSION = YES;
				CLANG_WARN_INT_CONVERSION = YES;
				CLANG_WARN_NON_LITERAL_NULL_CONVERSION = YES;
				CLANG_WARN_OBJC_IMPLICIT_RETAIN_SELF = YES;
				CLANG_WARN_OBJC_LITERAL_CONVERSION = YES;
				CLANG_WARN_OBJC_ROOT_CLASS = YES_ERROR;
				CLANG_WARN_RANGE_LOOP_ANALYSIS = YES;
				CLANG_WARN_STRICT_PROTOTYPES = YES;
				CLANG_WARN_SUSPICIOUS_MOVE = YES;
				CLANG_WARN_UNGUARDED_AVAILABILITY = YES_AGGRESSIVE;
				CLANG_WARN_UNREACHABLE_CODE = YES;
				CLANG_WARN__DUPLICATE_METHOD_MATCH = YES;
				COPY_PHASE_STRIP = NO;
				DEBUG_INFORMATION_FORMAT = "dwarf-with-dsym";
				ENABLE_NS_ASSERTIONS = NO;
				ENABLE_STRICT_OBJC_MSGSEND = YES;
				GCC_C_LANGUAGE_STANDARD = gnu11;
				GCC_NO_COMMON_BLOCKS = YES;
				GCC_WARN_64_TO_32_BIT_CONVERSION = YES;
				GCC_WARN_ABOUT_RETURN_TYPE = YES_ERROR;
				GCC_WARN_UNDECLARED_SELECTOR = YES;
				GCC_WARN_UNINITIALIZED_AUTOS = YES_AGGRESSIVE;
				GCC_WARN_UNUSED_FUNCTION = YES;
				GCC_WARN_UNUSED_VARIABLE = YES;
				IPHONEOS_DEPLOYMENT_TARGET = 13.6;
				MTL_ENABLE_DEBUG_INFO = NO;
				MTL_FAST_MATH = YES;
				SDKROOT = iphoneos;
				SWIFT_COMPILATION_MODE = wholemodule;
				SWIFT_OPTIMIZATION_LEVEL = "-O";
				VALIDATE_PRODUCT = YES;
			};
			name = Release;
		};
		A87FDD9824DCA36000A131CB /* Debug */ = {
			isa = XCBuildConfiguration;
			buildSettings = {
				ASSETCATALOG_COMPILER_APPICON_NAME = AppIcon;
				CODE_SIGN_STYLE = Automatic;
				DEVELOPMENT_ASSET_PATHS = "\"Loading View/Preview Content\"";
				ENABLE_PREVIEWS = YES;
				INFOPLIST_FILE = "Loading View/Info.plist";
				LD_RUNPATH_SEARCH_PATHS = (
					"$(inherited)",
					"@executable_path/Frameworks",
				);
				PRODUCT_BUNDLE_IDENTIFIER = "com.Alejandro.Loading-View";
				PRODUCT_NAME = "$(TARGET_NAME)";
				SWIFT_VERSION = 5.0;
				TARGETED_DEVICE_FAMILY = "1,2";
			};
			name = Debug;
		};
		A87FDD9924DCA36000A131CB /* Release */ = {
			isa = XCBuildConfiguration;
			buildSettings = {
				ASSETCATALOG_COMPILER_APPICON_NAME = AppIcon;
				CODE_SIGN_STYLE = Automatic;
				DEVELOPMENT_ASSET_PATHS = "\"Loading View/Preview Content\"";
				ENABLE_PREVIEWS = YES;
				INFOPLIST_FILE = "Loading View/Info.plist";
				LD_RUNPATH_SEARCH_PATHS = (
					"$(inherited)",
					"@executable_path/Frameworks",
				);
				PRODUCT_BUNDLE_IDENTIFIER = "com.Alejandro.Loading-View";
				PRODUCT_NAME = "$(TARGET_NAME)";
				SWIFT_VERSION = 5.0;
				TARGETED_DEVICE_FAMILY = "1,2";
			};
			name = Release;
		};
/* End XCBuildConfiguration section */

/* Begin XCConfigurationList section */
		A87FDD7E24DCA35F00A131CB /* Build configuration list for PBXProject "Loading View" */ = {
			isa = XCConfigurationList;
			buildConfigurations = (
				A87FDD9524DCA36000A131CB /* Debug */,
				A87FDD9624DCA36000A131CB /* Release */,
			);
			defaultConfigurationIsVisible = 0;
			defaultConfigurationName = Release;
		};
		A87FDD9724DCA36000A131CB /* Build configuration list for PBXNativeTarget "Loading View" */ = {
			isa = XCConfigurationList;
			buildConfigurations = (
				A87FDD9824DCA36000A131CB /* Debug */,
				A87FDD9924DCA36000A131CB /* Release */,
			);
			defaultConfigurationIsVisible = 0;
			defaultConfigurationName = Release;
		};
/* End XCConfigurationList section */
	};
	rootObject = A87FDD7B24DCA35F00A131CB /* Project object */;
}
