// !$*UTF8*$!
{
	archiveVersion = 1;
	classes = {
	};
	objectVersion = 52;
	objects = {

/* Begin PBXBuildFile section */
		81F055B7D47832D2BC8071BD /* Pods_Instagram.framework in Frameworks */ = {isa = PBXBuildFile; fileRef = 8D683712A3E480901B8D4381 /* Pods_Instagram.framework */; };
		A8971B9324B782BA00F9F463 /* SDWebImageSwiftUI in Frameworks */ = {isa = PBXBuildFile; productRef = A8971B9224B782BA00F9F463 /* SDWebImageSwiftUI */; };
		A8CDEB4B24B65EE8003E4596 /* AppDelegate.swift in Sources */ = {isa = PBXBuildFile; fileRef = A8CDEB4A24B65EE8003E4596 /* AppDelegate.swift */; };
		A8CDEB4D24B65EE8003E4596 /* SceneDelegate.swift in Sources */ = {isa = PBXBuildFile; fileRef = A8CDEB4C24B65EE8003E4596 /* SceneDelegate.swift */; };
		A8CDEB4F24B65EE8003E4596 /* ContentView.swift in Sources */ = {isa = PBXBuildFile; fileRef = A8CDEB4E24B65EE8003E4596 /* ContentView.swift */; };
		A8CDEB5124B65EEE003E4596 /* Assets.xcassets in Resources */ = {isa = PBXBuildFile; fileRef = A8CDEB5024B65EEE003E4596 /* Assets.xcassets */; };
		A8CDEB5424B65EEE003E4596 /* Preview Assets.xcassets in Resources */ = {isa = PBXBuildFile; fileRef = A8CDEB5324B65EEE003E4596 /* Preview Assets.xcassets */; };
		A8CDEB5724B65EEE003E4596 /* LaunchScreen.storyboard in Resources */ = {isa = PBXBuildFile; fileRef = A8CDEB5524B65EEE003E4596 /* LaunchScreen.storyboard */; };
		A8CDEB5F24B6604B003E4596 /* GoogleService-Info.plist in Resources */ = {isa = PBXBuildFile; fileRef = A8CDEB5E24B6604B003E4596 /* GoogleService-Info.plist */; };
		A8CDEB6124B663A6003E4596 /* Images.swift in Sources */ = {isa = PBXBuildFile; fileRef = A8CDEB6024B663A6003E4596 /* Images.swift */; };
/* End PBXBuildFile section */

/* Begin PBXFileReference section */
		7B47F0AF645ECD6F0F2B5D3F /* Pods-Instagram.release.xcconfig */ = {isa = PBXFileReference; includeInIndex = 1; lastKnownFileType = text.xcconfig; name = "Pods-Instagram.release.xcconfig"; path = "Target Support Files/Pods-Instagram/Pods-Instagram.release.xcconfig"; sourceTree = "<group>"; };
		8D683712A3E480901B8D4381 /* Pods_Instagram.framework */ = {isa = PBXFileReference; explicitFileType = wrapper.framework; includeInIndex = 0; path = Pods_Instagram.framework; sourceTree = BUILT_PRODUCTS_DIR; };
		A8CDEB4724B65EE8003E4596 /* Instagram.app */ = {isa = PBXFileReference; explicitFileType = wrapper.application; includeInIndex = 0; path = Instagram.app; sourceTree = BUILT_PRODUCTS_DIR; };
		A8CDEB4A24B65EE8003E4596 /* AppDelegate.swift */ = {isa = PBXFileReference; lastKnownFileType = sourcecode.swift; path = AppDelegate.swift; sourceTree = "<group>"; };
		A8CDEB4C24B65EE8003E4596 /* SceneDelegate.swift */ = {isa = PBXFileReference; lastKnownFileType = sourcecode.swift; path = SceneDelegate.swift; sourceTree = "<group>"; };
		A8CDEB4E24B65EE8003E4596 /* ContentView.swift */ = {isa = PBXFileReference; lastKnownFileType = sourcecode.swift; path = ContentView.swift; sourceTree = "<group>"; };
		A8CDEB5024B65EEE003E4596 /* Assets.xcassets */ = {isa = PBXFileReference; lastKnownFileType = folder.assetcatalog; path = Assets.xcassets; sourceTree = "<group>"; };
		A8CDEB5324B65EEE003E4596 /* Preview Assets.xcassets */ = {isa = PBXFileReference; lastKnownFileType = folder.assetcatalog; path = "Preview Assets.xcassets"; sourceTree = "<group>"; };
		A8CDEB5624B65EEE003E4596 /* Base */ = {isa = PBXFileReference; lastKnownFileType = file.storyboard; name = Base; path = Base.lproj/LaunchScreen.storyboard; sourceTree = "<group>"; };
		A8CDEB5824B65EEE003E4596 /* Info.plist */ = {isa = PBXFileReference; lastKnownFileType = text.plist.xml; path = Info.plist; sourceTree = "<group>"; };
		A8CDEB5E24B6604B003E4596 /* GoogleService-Info.plist */ = {isa = PBXFileReference; fileEncoding = 4; lastKnownFileType = text.plist.xml; path = "GoogleService-Info.plist"; sourceTree = "<group>"; };
		A8CDEB6024B663A6003E4596 /* Images.swift */ = {isa = PBXFileReference; lastKnownFileType = sourcecode.swift; path = Images.swift; sourceTree = "<group>"; };
		F7A7126CB3C964F40959B8A4 /* Pods-Instagram.debug.xcconfig */ = {isa = PBXFileReference; includeInIndex = 1; lastKnownFileType = text.xcconfig; name = "Pods-Instagram.debug.xcconfig"; path = "Target Support Files/Pods-Instagram/Pods-Instagram.debug.xcconfig"; sourceTree = "<group>"; };
/* End PBXFileReference section */

/* Begin PBXFrameworksBuildPhase section */
		A8CDEB4424B65EE8003E4596 /* Frameworks */ = {
			isa = PBXFrameworksBuildPhase;
			buildActionMask = 2147483647;
			files = (
				A8971B9324B782BA00F9F463 /* SDWebImageSwiftUI in Frameworks */,
				81F055B7D47832D2BC8071BD /* Pods_Instagram.framework in Frameworks */,
			);
			runOnlyForDeploymentPostprocessing = 0;
		};
/* End PBXFrameworksBuildPhase section */

/* Begin PBXGroup section */
		A8CDEB3E24B65EE8003E4596 = {
			isa = PBXGroup;
			children = (
				A8CDEB4924B65EE8003E4596 /* Instagram */,
				A8CDEB4824B65EE8003E4596 /* Products */,
				B2CA18DEA130914BD92FD21C /* Pods */,
				CCC8C6B4065D0465E86CFDEA /* Frameworks */,
			);
			sourceTree = "<group>";
		};
		A8CDEB4824B65EE8003E4596 /* Products */ = {
			isa = PBXGroup;
			children = (
				A8CDEB4724B65EE8003E4596 /* Instagram.app */,
			);
			name = Products;
			sourceTree = "<group>";
		};
		A8CDEB4924B65EE8003E4596 /* Instagram */ = {
			isa = PBXGroup;
			children = (
				A8CDEB4A24B65EE8003E4596 /* AppDelegate.swift */,
				A8CDEB6024B663A6003E4596 /* Images.swift */,
				A8CDEB4C24B65EE8003E4596 /* SceneDelegate.swift */,
				A8CDEB4E24B65EE8003E4596 /* ContentView.swift */,
				A8CDEB5024B65EEE003E4596 /* Assets.xcassets */,
				A8CDEB5524B65EEE003E4596 /* LaunchScreen.storyboard */,
				A8CDEB5824B65EEE003E4596 /* Info.plist */,
				A8CDEB5E24B6604B003E4596 /* GoogleService-Info.plist */,
				A8CDEB5224B65EEE003E4596 /* Preview Content */,
			);
			path = Instagram;
			sourceTree = "<group>";
		};
		A8CDEB5224B65EEE003E4596 /* Preview Content */ = {
			isa = PBXGroup;
			children = (
				A8CDEB5324B65EEE003E4596 /* Preview Assets.xcassets */,
			);
			path = "Preview Content";
			sourceTree = "<group>";
		};
		B2CA18DEA130914BD92FD21C /* Pods */ = {
			isa = PBXGroup;
			children = (
				F7A7126CB3C964F40959B8A4 /* Pods-Instagram.debug.xcconfig */,
				7B47F0AF645ECD6F0F2B5D3F /* Pods-Instagram.release.xcconfig */,
			);
			path = Pods;
			sourceTree = "<group>";
		};
		CCC8C6B4065D0465E86CFDEA /* Frameworks */ = {
			isa = PBXGroup;
			children = (
				8D683712A3E480901B8D4381 /* Pods_Instagram.framework */,
			);
			name = Frameworks;
			sourceTree = "<group>";
		};
/* End PBXGroup section */

/* Begin PBXNativeTarget section */
		A8CDEB4624B65EE8003E4596 /* Instagram */ = {
			isa = PBXNativeTarget;
			buildConfigurationList = A8CDEB5B24B65EEE003E4596 /* Build configuration list for PBXNativeTarget "Instagram" */;
			buildPhases = (
				FA97F2DC792BD6B0D56B5389 /* [CP] Check Pods Manifest.lock */,
				A8CDEB4324B65EE8003E4596 /* Sources */,
				A8CDEB4424B65EE8003E4596 /* Frameworks */,
				A8CDEB4524B65EE8003E4596 /* Resources */,
				1611D8623B8166C97CEBEF52 /* [CP] Embed Pods Frameworks */,
			);
			buildRules = (
			);
			dependencies = (
			);
			name = Instagram;
			packageProductDependencies = (
				A8971B9224B782BA00F9F463 /* SDWebImageSwiftUI */,
			);
			productName = Instagram;
			productReference = A8CDEB4724B65EE8003E4596 /* Instagram.app */;
			productType = "com.apple.product-type.application";
		};
/* End PBXNativeTarget section */

/* Begin PBXProject section */
		A8CDEB3F24B65EE8003E4596 /* Project object */ = {
			isa = PBXProject;
			attributes = {
				LastSwiftUpdateCheck = 1150;
				LastUpgradeCheck = 1150;
				ORGANIZATIONNAME = "Omar Alejandro Robles Altamirano";
				TargetAttributes = {
					A8CDEB4624B65EE8003E4596 = {
						CreatedOnToolsVersion = 11.5;
					};
				};
			};
			buildConfigurationList = A8CDEB4224B65EE8003E4596 /* Build configuration list for PBXProject "Instagram" */;
			compatibilityVersion = "Xcode 9.3";
			developmentRegion = en;
			hasScannedForEncodings = 0;
			knownRegions = (
				en,
				Base,
			);
			mainGroup = A8CDEB3E24B65EE8003E4596;
			packageReferences = (
				A8971B9124B782BA00F9F463 /* XCRemoteSwiftPackageReference "SDWebImageSwiftUI" */,
			);
			productRefGroup = A8CDEB4824B65EE8003E4596 /* Products */;
			projectDirPath = "";
			projectRoot = "";
			targets = (
				A8CDEB4624B65EE8003E4596 /* Instagram */,
			);
		};
/* End PBXProject section */

/* Begin PBXResourcesBuildPhase section */
		A8CDEB4524B65EE8003E4596 /* Resources */ = {
			isa = PBXResourcesBuildPhase;
			buildActionMask = 2147483647;
			files = (
				A8CDEB5724B65EEE003E4596 /* LaunchScreen.storyboard in Resources */,
				A8CDEB5F24B6604B003E4596 /* GoogleService-Info.plist in Resources */,
				A8CDEB5424B65EEE003E4596 /* Preview Assets.xcassets in Resources */,
				A8CDEB5124B65EEE003E4596 /* Assets.xcassets in Resources */,
			);
			runOnlyForDeploymentPostprocessing = 0;
		};
/* End PBXResourcesBuildPhase section */

/* Begin PBXShellScriptBuildPhase section */
		1611D8623B8166C97CEBEF52 /* [CP] Embed Pods Frameworks */ = {
			isa = PBXShellScriptBuildPhase;
			buildActionMask = 2147483647;
			files = (
			);
			inputFileListPaths = (
				"${PODS_ROOT}/Target Support Files/Pods-Instagram/Pods-Instagram-frameworks-${CONFIGURATION}-input-files.xcfilelist",
			);
			name = "[CP] Embed Pods Frameworks";
			outputFileListPaths = (
				"${PODS_ROOT}/Target Support Files/Pods-Instagram/Pods-Instagram-frameworks-${CONFIGURATION}-output-files.xcfilelist",
			);
			runOnlyForDeploymentPostprocessing = 0;
			shellPath = /bin/sh;
			shellScript = "\"${PODS_ROOT}/Target Support Files/Pods-Instagram/Pods-Instagram-frameworks.sh\"\n";
			showEnvVarsInLog = 0;
		};
		FA97F2DC792BD6B0D56B5389 /* [CP] Check Pods Manifest.lock */ = {
			isa = PBXShellScriptBuildPhase;
			buildActionMask = 2147483647;
			files = (
			);
			inputFileListPaths = (
			);
			inputPaths = (
				"${PODS_PODFILE_DIR_PATH}/Podfile.lock",
				"${PODS_ROOT}/Manifest.lock",
			);
			name = "[CP] Check Pods Manifest.lock";
			outputFileListPaths = (
			);
			outputPaths = (
				"$(DERIVED_FILE_DIR)/Pods-Instagram-checkManifestLockResult.txt",
			);
			runOnlyForDeploymentPostprocessing = 0;
			shellPath = /bin/sh;
			shellScript = "diff \"${PODS_PODFILE_DIR_PATH}/Podfile.lock\" \"${PODS_ROOT}/Manifest.lock\" > /dev/null\nif [ $? != 0 ] ; then\n    # print error to STDERR\n    echo \"error: The sandbox is not in sync with the Podfile.lock. Run 'pod install' or update your CocoaPods installation.\" >&2\n    exit 1\nfi\n# This output is used by Xcode 'outputs' to avoid re-running this script phase.\necho \"SUCCESS\" > \"${SCRIPT_OUTPUT_FILE_0}\"\n";
			showEnvVarsInLog = 0;
		};
/* End PBXShellScriptBuildPhase section */

/* Begin PBXSourcesBuildPhase section */
		A8CDEB4324B65EE8003E4596 /* Sources */ = {
			isa = PBXSourcesBuildPhase;
			buildActionMask = 2147483647;
			files = (
				A8CDEB4B24B65EE8003E4596 /* AppDelegate.swift in Sources */,
				A8CDEB6124B663A6003E4596 /* Images.swift in Sources */,
				A8CDEB4D24B65EE8003E4596 /* SceneDelegate.swift in Sources */,
				A8CDEB4F24B65EE8003E4596 /* ContentView.swift in Sources */,
			);
			runOnlyForDeploymentPostprocessing = 0;
		};
/* End PBXSourcesBuildPhase section */

/* Begin PBXVariantGroup section */
		A8CDEB5524B65EEE003E4596 /* LaunchScreen.storyboard */ = {
			isa = PBXVariantGroup;
			children = (
				A8CDEB5624B65EEE003E4596 /* Base */,
			);
			name = LaunchScreen.storyboard;
			sourceTree = "<group>";
		};
/* End PBXVariantGroup section */

/* Begin XCBuildConfiguration section */
		A8CDEB5924B65EEE003E4596 /* Debug */ = {
			isa = XCBuildConfiguration;
			buildSettings = {
				ALWAYS_SEARCH_USER_PATHS = NO;
				CLANG_ANALYZER_NONNULL = YES;
				CLANG_ANALYZER_NUMBER_OBJECT_CONVERSION = YES_AGGRESSIVE;
				CLANG_CXX_LANGUAGE_STANDARD = "gnu++14";
				CLANG_CXX_LIBRARY = "libc++";
				CLANG_ENABLE_MODULES = YES;
				CLANG_ENABLE_OBJC_ARC = YES;
				CLANG_ENABLE_OBJC_WEAK = YES;
				CLANG_WARN_BLOCK_CAPTURE_AUTORELEASING = YES;
				CLANG_WARN_BOOL_CONVERSION = YES;
				CLANG_WARN_COMMA = YES;
				CLANG_WARN_CONSTANT_CONVERSION = YES;
				CLANG_WARN_DEPRECATED_OBJC_IMPLEMENTATIONS = YES;
				CLANG_WARN_DIRECT_OBJC_ISA_USAGE = YES_ERROR;
				CLANG_WARN_DOCUMENTATION_COMMENTS = YES;
				CLANG_WARN_EMPTY_BODY = YES;
				CLANG_WARN_ENUM_CONVERSION = YES;
				CLANG_WARN_INFINITE_RECURSION = YES;
				CLANG_WARN_INT_CONVERSION = YES;
				CLANG_WARN_NON_LITERAL_NULL_CONVERSION = YES;
				CLANG_WARN_OBJC_IMPLICIT_RETAIN_SELF = YES;
				CLANG_WARN_OBJC_LITERAL_CONVERSION = YES;
				CLANG_WARN_OBJC_ROOT_CLASS = YES_ERROR;
				CLANG_WARN_RANGE_LOOP_ANALYSIS = YES;
				CLANG_WARN_STRICT_PROTOTYPES = YES;
				CLANG_WARN_SUSPICIOUS_MOVE = YES;
				CLANG_WARN_UNGUARDED_AVAILABILITY = YES_AGGRESSIVE;
				CLANG_WARN_UNREACHABLE_CODE = YES;
				CLANG_WARN__DUPLICATE_METHOD_MATCH = YES;
				COPY_PHASE_STRIP = NO;
				DEBUG_INFORMATION_FORMAT = dwarf;
				ENABLE_STRICT_OBJC_MSGSEND = YES;
				ENABLE_TESTABILITY = YES;
				GCC_C_LANGUAGE_STANDARD = gnu11;
				GCC_DYNAMIC_NO_PIC = NO;
				GCC_NO_COMMON_BLOCKS = YES;
				GCC_OPTIMIZATION_LEVEL = 0;
				GCC_PREPROCESSOR_DEFINITIONS = (
					"DEBUG=1",
					"$(inherited)",
				);
				GCC_WARN_64_TO_32_BIT_CONVERSION = YES;
				GCC_WARN_ABOUT_RETURN_TYPE = YES_ERROR;
				GCC_WARN_UNDECLARED_SELECTOR = YES;
				GCC_WARN_UNINITIALIZED_AUTOS = YES_AGGRESSIVE;
				GCC_WARN_UNUSED_FUNCTION = YES;
				GCC_WARN_UNUSED_VARIABLE = YES;
				IPHONEOS_DEPLOYMENT_TARGET = 13.5;
				MTL_ENABLE_DEBUG_INFO = INCLUDE_SOURCE;
				MTL_FAST_MATH = YES;
				ONLY_ACTIVE_ARCH = YES;
				SDKROOT = iphoneos;
				SWIFT_ACTIVE_COMPILATION_CONDITIONS = DEBUG;
				SWIFT_OPTIMIZATION_LEVEL = "-Onone";
			};
			name = Debug;
		};
		A8CDEB5A24B65EEE003E4596 /* Release */ = {
			isa = XCBuildConfiguration;
			buildSettings = {
				ALWAYS_SEARCH_USER_PATHS = NO;
				CLANG_ANALYZER_NONNULL = YES;
				CLANG_ANALYZER_NUMBER_OBJECT_CONVERSION = YES_AGGRESSIVE;
				CLANG_CXX_LANGUAGE_STANDARD = "gnu++14";
				CLANG_CXX_LIBRARY = "libc++";
				CLANG_ENABLE_MODULES = YES;
				CLANG_ENABLE_OBJC_ARC = YES;
				CLANG_ENABLE_OBJC_WEAK = YES;
				CLANG_WARN_BLOCK_CAPTURE_AUTORELEASING = YES;
				CLANG_WARN_BOOL_CONVERSION = YES;
				CLANG_WARN_COMMA = YES;
				CLANG_WARN_CONSTANT_CONVERSION = YES;
				CLANG_WARN_DEPRECATED_OBJC_IMPLEMENTATIONS = YES;
				CLANG_WARN_DIRECT_OBJC_ISA_USAGE = YES_ERROR;
				CLANG_WARN_DOCUMENTATION_COMMENTS = YES;
				CLANG_WARN_EMPTY_BODY = YES;
				CLANG_WARN_ENUM_CONVERSION = YES;
				CLANG_WARN_INFINITE_RECURSION = YES;
				CLANG_WARN_INT_CONVERSION = YES;
				CLANG_WARN_NON_LITERAL_NULL_CONVERSION = YES;
				CLANG_WARN_OBJC_IMPLICIT_RETAIN_SELF = YES;
				CLANG_WARN_OBJC_LITERAL_CONVERSION = YES;
				CLANG_WARN_OBJC_ROOT_CLASS = YES_ERROR;
				CLANG_WARN_RANGE_LOOP_ANALYSIS = YES;
				CLANG_WARN_STRICT_PROTOTYPES = YES;
				CLANG_WARN_SUSPICIOUS_MOVE = YES;
				CLANG_WARN_UNGUARDED_AVAILABILITY = YES_AGGRESSIVE;
				CLANG_WARN_UNREACHABLE_CODE = YES;
				CLANG_WARN__DUPLICATE_METHOD_MATCH = YES;
				COPY_PHASE_STRIP = NO;
				DEBUG_INFORMATION_FORMAT = "dwarf-with-dsym";
				ENABLE_NS_ASSERTIONS = NO;
				ENABLE_STRICT_OBJC_MSGSEND = YES;
				GCC_C_LANGUAGE_STANDARD = gnu11;
				GCC_NO_COMMON_BLOCKS = YES;
				GCC_WARN_64_TO_32_BIT_CONVERSION = YES;
				GCC_WARN_ABOUT_RETURN_TYPE = YES_ERROR;
				GCC_WARN_UNDECLARED_SELECTOR = YES;
				GCC_WARN_UNINITIALIZED_AUTOS = YES_AGGRESSIVE;
				GCC_WARN_UNUSED_FUNCTION = YES;
				GCC_WARN_UNUSED_VARIABLE = YES;
				IPHONEOS_DEPLOYMENT_TARGET = 13.5;
				MTL_ENABLE_DEBUG_INFO = NO;
				MTL_FAST_MATH = YES;
				SDKROOT = iphoneos;
				SWIFT_COMPILATION_MODE = wholemodule;
				SWIFT_OPTIMIZATION_LEVEL = "-O";
				VALIDATE_PRODUCT = YES;
			};
			name = Release;
		};
		A8CDEB5C24B65EEE003E4596 /* Debug */ = {
			isa = XCBuildConfiguration;
			baseConfigurationReference = F7A7126CB3C964F40959B8A4 /* Pods-Instagram.debug.xcconfig */;
			buildSettings = {
				ASSETCATALOG_COMPILER_APPICON_NAME = AppIcon;
				CODE_SIGN_STYLE = Automatic;
				DEVELOPMENT_ASSET_PATHS = "\"Instagram/Preview Content\"";
				ENABLE_PREVIEWS = YES;
				INFOPLIST_FILE = Instagram/Info.plist;
				LD_RUNPATH_SEARCH_PATHS = (
					"$(inherited)",
					"@executable_path/Frameworks",
				);
				PRODUCT_BUNDLE_IDENTIFIER = com.Alejandro.Instagram;
				PRODUCT_NAME = "$(TARGET_NAME)";
				SWIFT_VERSION = 5.0;
				TARGETED_DEVICE_FAMILY = "1,2";
			};
			name = Debug;
		};
		A8CDEB5D24B65EEE003E4596 /* Release */ = {
			isa = XCBuildConfiguration;
			baseConfigurationReference = 7B47F0AF645ECD6F0F2B5D3F /* Pods-Instagram.release.xcconfig */;
			buildSettings = {
				ASSETCATALOG_COMPILER_APPICON_NAME = AppIcon;
				CODE_SIGN_STYLE = Automatic;
				DEVELOPMENT_ASSET_PATHS = "\"Instagram/Preview Content\"";
				ENABLE_PREVIEWS = YES;
				INFOPLIST_FILE = Instagram/Info.plist;
				LD_RUNPATH_SEARCH_PATHS = (
					"$(inherited)",
					"@executable_path/Frameworks",
				);
				PRODUCT_BUNDLE_IDENTIFIER = com.Alejandro.Instagram;
				PRODUCT_NAME = "$(TARGET_NAME)";
				SWIFT_VERSION = 5.0;
				TARGETED_DEVICE_FAMILY = "1,2";
			};
			name = Release;
		};
/* End XCBuildConfiguration section */

/* Begin XCConfigurationList section */
		A8CDEB4224B65EE8003E4596 /* Build configuration list for PBXProject "Instagram" */ = {
			isa = XCConfigurationList;
			buildConfigurations = (
				A8CDEB5924B65EEE003E4596 /* Debug */,
				A8CDEB5A24B65EEE003E4596 /* Release */,
			);
			defaultConfigurationIsVisible = 0;
			defaultConfigurationName = Release;
		};
		A8CDEB5B24B65EEE003E4596 /* Build configuration list for PBXNativeTarget "Instagram" */ = {
			isa = XCConfigurationList;
			buildConfigurations = (
				A8CDEB5C24B65EEE003E4596 /* Debug */,
				A8CDEB5D24B65EEE003E4596 /* Release */,
			);
			defaultConfigurationIsVisible = 0;
			defaultConfigurationName = Release;
		};
/* End XCConfigurationList section */

/* Begin XCRemoteSwiftPackageReference section */
		A8971B9124B782BA00F9F463 /* XCRemoteSwiftPackageReference "SDWebImageSwiftUI" */ = {
			isa = XCRemoteSwiftPackageReference;
			repositoryURL = "https://github.com/SDWebImage/SDWebImageSwiftUI.git";
			requirement = {
				kind = upToNextMajorVersion;
				minimumVersion = 1.5.0;
			};
		};
/* End XCRemoteSwiftPackageReference section */

/* Begin XCSwiftPackageProductDependency section */
		A8971B9224B782BA00F9F463 /* SDWebImageSwiftUI */ = {
			isa = XCSwiftPackageProductDependency;
			package = A8971B9124B782BA00F9F463 /* XCRemoteSwiftPackageReference "SDWebImageSwiftUI" */;
			productName = SDWebImageSwiftUI;
		};
/* End XCSwiftPackageProductDependency section */
	};
	rootObject = A8CDEB3F24B65EE8003E4596 /* Project object */;
}
