// !$*UTF8*$!
{
	archiveVersion = 1;
	classes = {
	};
	objectVersion = 50;
	objects = {

/* Begin PBXBuildFile section */
		A8E5EAB724F21EAA00CF7D27 /* Ratio_MenuApp.swift in Sources */ = {isa = PBXBuildFile; fileRef = A8E5EAB624F21EAA00CF7D27 /* Ratio_MenuApp.swift */; };
		A8E5EAB924F21EAA00CF7D27 /* ContentView.swift in Sources */ = {isa = PBXBuildFile; fileRef = A8E5EAB824F21EAA00CF7D27 /* ContentView.swift */; };
		A8E5EABB24F21EAC00CF7D27 /* Assets.xcassets in Resources */ = {isa = PBXBuildFile; fileRef = A8E5EABA24F21EAC00CF7D27 /* Assets.xcassets */; };
		A8E5EABE24F21EAC00CF7D27 /* Preview Assets.xcassets in Resources */ = {isa = PBXBuildFile; fileRef = A8E5EABD24F21EAC00CF7D27 /* Preview Assets.xcassets */; };
/* End PBXBuildFile section */

/* Begin PBXFileReference section */
		A8E5EAB324F21EAA00CF7D27 /* Ratio Menu.app */ = {isa = PBXFileReference; explicitFileType = wrapper.application; includeInIndex = 0; path = "Ratio Menu.app"; sourceTree = BUILT_PRODUCTS_DIR; };
		A8E5EAB624F21EAA00CF7D27 /* Ratio_MenuApp.swift */ = {isa = PBXFileReference; lastKnownFileType = sourcecode.swift; path = Ratio_MenuApp.swift; sourceTree = "<group>"; };
		A8E5EAB824F21EAA00CF7D27 /* ContentView.swift */ = {isa = PBXFileReference; lastKnownFileType = sourcecode.swift; path = ContentView.swift; sourceTree = "<group>"; };
		A8E5EABA24F21EAC00CF7D27 /* Assets.xcassets */ = {isa = PBXFileReference; lastKnownFileType = folder.assetcatalog; path = Assets.xcassets; sourceTree = "<group>"; };
		A8E5EABD24F21EAC00CF7D27 /* Preview Assets.xcassets */ = {isa = PBXFileReference; lastKnownFileType = folder.assetcatalog; path = "Preview Assets.xcassets"; sourceTree = "<group>"; };
		A8E5EABF24F21EAC00CF7D27 /* Info.plist */ = {isa = PBXFileReference; lastKnownFileType = text.plist.xml; path = Info.plist; sourceTree = "<group>"; };
/* End PBXFileReference section */

/* Begin PBXFrameworksBuildPhase section */
		A8E5EAB024F21EAA00CF7D27 /* Frameworks */ = {
			isa = PBXFrameworksBuildPhase;
			buildActionMask = 2147483647;
			files = (
			);
			runOnlyForDeploymentPostprocessing = 0;
		};
/* End PBXFrameworksBuildPhase section */

/* Begin PBXGroup section */
		A8E5EAAA24F21EAA00CF7D27 = {
			isa = PBXGroup;
			children = (
				A8E5EAB524F21EAA00CF7D27 /* Ratio Menu */,
				A8E5EAB424F21EAA00CF7D27 /* Products */,
			);
			sourceTree = "<group>";
		};
		A8E5EAB424F21EAA00CF7D27 /* Products */ = {
			isa = PBXGroup;
			children = (
				A8E5EAB324F21EAA00CF7D27 /* Ratio Menu.app */,
			);
			name = Products;
			sourceTree = "<group>";
		};
		A8E5EAB524F21EAA00CF7D27 /* Ratio Menu */ = {
			isa = PBXGroup;
			children = (
				A8E5EAB624F21EAA00CF7D27 /* Ratio_MenuApp.swift */,
				A8E5EAB824F21EAA00CF7D27 /* ContentView.swift */,
				A8E5EABA24F21EAC00CF7D27 /* Assets.xcassets */,
				A8E5EABF24F21EAC00CF7D27 /* Info.plist */,
				A8E5EABC24F21EAC00CF7D27 /* Preview Content */,
			);
			path = "Ratio Menu";
			sourceTree = "<group>";
		};
		A8E5EABC24F21EAC00CF7D27 /* Preview Content */ = {
			isa = PBXGroup;
			children = (
				A8E5EABD24F21EAC00CF7D27 /* Preview Assets.xcassets */,
			);
			path = "Preview Content";
			sourceTree = "<group>";
		};
/* End PBXGroup section */

/* Begin PBXNativeTarget section */
		A8E5EAB224F21EAA00CF7D27 /* Ratio Menu */ = {
			isa = PBXNativeTarget;
			buildConfigurationList = A8E5EAC224F21EAC00CF7D27 /* Build configuration list for PBXNativeTarget "Ratio Menu" */;
			buildPhases = (
				A8E5EAAF24F21EAA00CF7D27 /* Sources */,
				A8E5EAB024F21EAA00CF7D27 /* Frameworks */,
				A8E5EAB124F21EAA00CF7D27 /* Resources */,
			);
			buildRules = (
			);
			dependencies = (
			);
			name = "Ratio Menu";
			productName = "Ratio Menu";
			productReference = A8E5EAB324F21EAA00CF7D27 /* Ratio Menu.app */;
			productType = "com.apple.product-type.application";
		};
/* End PBXNativeTarget section */

/* Begin PBXProject section */
		A8E5EAAB24F21EAA00CF7D27 /* Project object */ = {
			isa = PBXProject;
			attributes = {
				LastSwiftUpdateCheck = 1200;
				LastUpgradeCheck = 1200;
				TargetAttributes = {
					A8E5EAB224F21EAA00CF7D27 = {
						CreatedOnToolsVersion = 12.0;
					};
				};
			};
			buildConfigurationList = A8E5EAAE24F21EAA00CF7D27 /* Build configuration list for PBXProject "Ratio Menu" */;
			compatibilityVersion = "Xcode 9.3";
			developmentRegion = en;
			hasScannedForEncodings = 0;
			knownRegions = (
				en,
				Base,
			);
			mainGroup = A8E5EAAA24F21EAA00CF7D27;
			productRefGroup = A8E5EAB424F21EAA00CF7D27 /* Products */;
			projectDirPath = "";
			projectRoot = "";
			targets = (
				A8E5EAB224F21EAA00CF7D27 /* Ratio Menu */,
			);
		};
/* End PBXProject section */

/* Begin PBXResourcesBuildPhase section */
		A8E5EAB124F21EAA00CF7D27 /* Resources */ = {
			isa = PBXResourcesBuildPhase;
			buildActionMask = 2147483647;
			files = (
				A8E5EABE24F21EAC00CF7D27 /* Preview Assets.xcassets in Resources */,
				A8E5EABB24F21EAC00CF7D27 /* Assets.xcassets in Resources */,
			);
			runOnlyForDeploymentPostprocessing = 0;
		};
/* End PBXResourcesBuildPhase section */

/* Begin PBXSourcesBuildPhase section */
		A8E5EAAF24F21EAA00CF7D27 /* Sources */ = {
			isa = PBXSourcesBuildPhase;
			buildActionMask = 2147483647;
			files = (
				A8E5EAB924F21EAA00CF7D27 /* ContentView.swift in Sources */,
				A8E5EAB724F21EAA00CF7D27 /* Ratio_MenuApp.swift in Sources */,
			);
			runOnlyForDeploymentPostprocessing = 0;
		};
/* End PBXSourcesBuildPhase section */

/* Begin XCBuildConfiguration section */
		A8E5EAC024F21EAC00CF7D27 /* Debug */ = {
			isa = XCBuildConfiguration;
			buildSettings = {
				ALWAYS_SEARCH_USER_PATHS = NO;
				CLANG_ANALYZER_NONNULL = YES;
				CLANG_ANALYZER_NUMBER_OBJECT_CONVERSION = YES_AGGRESSIVE;
				CLANG_CXX_LANGUAGE_STANDARD = "gnu++14";
				CLANG_CXX_LIBRARY = "libc++";
				CLANG_ENABLE_MODULES = YES;
				CLANG_ENABLE_OBJC_ARC = YES;
				CLANG_ENABLE_OBJC_WEAK = YES;
				CLANG_WARN_BLOCK_CAPTURE_AUTORELEASING = YES;
				CLANG_WARN_BOOL_CONVERSION = YES;
				CLANG_WARN_COMMA = YES;
				CLANG_WARN_CONSTANT_CONVERSION = YES;
				CLANG_WARN_DEPRECATED_OBJC_IMPLEMENTATIONS = YES;
				CLANG_WARN_DIRECT_OBJC_ISA_USAGE = YES_ERROR;
				CLANG_WARN_DOCUMENTATION_COMMENTS = YES;
				CLANG_WARN_EMPTY_BODY = YES;
				CLANG_WARN_ENUM_CONVERSION = YES;
				CLANG_WARN_INFINITE_RECURSION = YES;
				CLANG_WARN_INT_CONVERSION = YES;
				CLANG_WARN_NON_LITERAL_NULL_CONVERSION = YES;
				CLANG_WARN_OBJC_IMPLICIT_RETAIN_SELF = YES;
				CLANG_WARN_OBJC_LITERAL_CONVERSION = YES;
				CLANG_WARN_OBJC_ROOT_CLASS = YES_ERROR;
				CLANG_WARN_QUOTED_INCLUDE_IN_FRAMEWORK_HEADER = YES;
				CLANG_WARN_RANGE_LOOP_ANALYSIS = YES;
				CLANG_WARN_STRICT_PROTOTYPES = YES;
				CLANG_WARN_SUSPICIOUS_MOVE = YES;
				CLANG_WARN_UNGUARDED_AVAILABILITY = YES_AGGRESSIVE;
				CLANG_WARN_UNREACHABLE_CODE = YES;
				CLANG_WARN__DUPLICATE_METHOD_MATCH = YES;
				COPY_PHASE_STRIP = NO;
				DEBUG_INFORMATION_FORMAT = dwarf;
				ENABLE_STRICT_OBJC_MSGSEND = YES;
				ENABLE_TESTABILITY = YES;
				GCC_C_LANGUAGE_STANDARD = gnu11;
				GCC_DYNAMIC_NO_PIC = NO;
				GCC_NO_COMMON_BLOCKS = YES;
				GCC_OPTIMIZATION_LEVEL = 0;
				GCC_PREPROCESSOR_DEFINITIONS = (
					"DEBUG=1",
					"$(inherited)",
				);
				GCC_WARN_64_TO_32_BIT_CONVERSION = YES;
				GCC_WARN_ABOUT_RETURN_TYPE = YES_ERROR;
				GCC_WARN_UNDECLARED_SELECTOR = YES;
				GCC_WARN_UNINITIALIZED_AUTOS = YES_AGGRESSIVE;
				GCC_WARN_UNUSED_FUNCTION = YES;
				GCC_WARN_UNUSED_VARIABLE = YES;
				IPHONEOS_DEPLOYMENT_TARGET = 14.0;
				MTL_ENABLE_DEBUG_INFO = INCLUDE_SOURCE;
				MTL_FAST_MATH = YES;
				ONLY_ACTIVE_ARCH = YES;
				SDKROOT = iphoneos;
				SWIFT_ACTIVE_COMPILATION_CONDITIONS = DEBUG;
				SWIFT_OPTIMIZATION_LEVEL = "-Onone";
			};
			name = Debug;
		};
		A8E5EAC124F21EAC00CF7D27 /* Release */ = {
			isa = XCBuildConfiguration;
			buildSettings = {
				ALWAYS_SEARCH_USER_PATHS = NO;
				CLANG_ANALYZER_NONNULL = YES;
				CLANG_ANALYZER_NUMBER_OBJECT_CONVERSION = YES_AGGRESSIVE;
				CLANG_CXX_LANGUAGE_STANDARD = "gnu++14";
				CLANG_CXX_LIBRARY = "libc++";
				CLANG_ENABLE_MODULES = YES;
				CLANG_ENABLE_OBJC_ARC = YES;
				CLANG_ENABLE_OBJC_WEAK = YES;
				CLANG_WARN_BLOCK_CAPTURE_AUTORELEASING = YES;
				CLANG_WARN_BOOL_CONVERSION = YES;
				CLANG_WARN_COMMA = YES;
				CLANG_WARN_CONSTANT_CONVERSION = YES;
				CLANG_WARN_DEPRECATED_OBJC_IMPLEMENTATIONS = YES;
				CLANG_WARN_DIRECT_OBJC_ISA_USAGE = YES_ERROR;
				CLANG_WARN_DOCUMENTATION_COMMENTS = YES;
				CLANG_WARN_EMPTY_BODY = YES;
				CLANG_WARN_ENUM_CONVERSION = YES;
				CLANG_WARN_INFINITE_RECURSION = YES;
				CLANG_WARN_INT_CONVERSION = YES;
				CLANG_WARN_NON_LITERAL_NULL_CONVERSION = YES;
				CLANG_WARN_OBJC_IMPLICIT_RETAIN_SELF = YES;
				CLANG_WARN_OBJC_LITERAL_CONVERSION = YES;
				CLANG_WARN_OBJC_ROOT_CLASS = YES_ERROR;
				CLANG_WARN_QUOTED_INCLUDE_IN_FRAMEWORK_HEADER = YES;
				CLANG_WARN_RANGE_LOOP_ANALYSIS = YES;
				CLANG_WARN_STRICT_PROTOTYPES = YES;
				CLANG_WARN_SUSPICIOUS_MOVE = YES;
				CLANG_WARN_UNGUARDED_AVAILABILITY = YES_AGGRESSIVE;
				CLANG_WARN_UNREACHABLE_CODE = YES;
				CLANG_WARN__DUPLICATE_METHOD_MATCH = YES;
				COPY_PHASE_STRIP = NO;
				DEBUG_INFORMATION_FORMAT = "dwarf-with-dsym";
				ENABLE_NS_ASSERTIONS = NO;
				ENABLE_STRICT_OBJC_MSGSEND = YES;
				GCC_C_LANGUAGE_STANDARD = gnu11;
				GCC_NO_COMMON_BLOCKS = YES;
				GCC_WARN_64_TO_32_BIT_CONVERSION = YES;
				GCC_WARN_ABOUT_RETURN_TYPE = YES_ERROR;
				GCC_WARN_UNDECLARED_SELECTOR = YES;
				GCC_WARN_UNINITIALIZED_AUTOS = YES_AGGRESSIVE;
				GCC_WARN_UNUSED_FUNCTION = YES;
				GCC_WARN_UNUSED_VARIABLE = YES;
				IPHONEOS_DEPLOYMENT_TARGET = 14.0;
				MTL_ENABLE_DEBUG_INFO = NO;
				MTL_FAST_MATH = YES;
				SDKROOT = iphoneos;
				SWIFT_COMPILATION_MODE = wholemodule;
				SWIFT_OPTIMIZATION_LEVEL = "-O";
				VALIDATE_PRODUCT = YES;
			};
			name = Release;
		};
		A8E5EAC324F21EAC00CF7D27 /* Debug */ = {
			isa = XCBuildConfiguration;
			buildSettings = {
				ASSETCATALOG_COMPILER_APPICON_NAME = AppIcon;
				ASSETCATALOG_COMPILER_GLOBAL_ACCENT_COLOR_NAME = AccentColor;
				CODE_SIGN_STYLE = Automatic;
				DEVELOPMENT_ASSET_PATHS = "\"Ratio Menu/Preview Content\"";
				ENABLE_PREVIEWS = YES;
				INFOPLIST_FILE = "Ratio Menu/Info.plist";
				IPHONEOS_DEPLOYMENT_TARGET = 14.0;
				LD_RUNPATH_SEARCH_PATHS = (
					"$(inherited)",
					"@executable_path/Frameworks",
				);
				PRODUCT_BUNDLE_IDENTIFIER = "com.Alejandro.Ratio-Menu";
				PRODUCT_NAME = "$(TARGET_NAME)";
				SWIFT_VERSION = 5.0;
				TARGETED_DEVICE_FAMILY = "1,2";
			};
			name = Debug;
		};
		A8E5EAC424F21EAC00CF7D27 /* Release */ = {
			isa = XCBuildConfiguration;
			buildSettings = {
				ASSETCATALOG_COMPILER_APPICON_NAME = AppIcon;
				ASSETCATALOG_COMPILER_GLOBAL_ACCENT_COLOR_NAME = AccentColor;
				CODE_SIGN_STYLE = Automatic;
				DEVELOPMENT_ASSET_PATHS = "\"Ratio Menu/Preview Content\"";
				ENABLE_PREVIEWS = YES;
				INFOPLIST_FILE = "Ratio Menu/Info.plist";
				IPHONEOS_DEPLOYMENT_TARGET = 14.0;
				LD_RUNPATH_SEARCH_PATHS = (
					"$(inherited)",
					"@executable_path/Frameworks",
				);
				PRODUCT_BUNDLE_IDENTIFIER = "com.Alejandro.Ratio-Menu";
				PRODUCT_NAME = "$(TARGET_NAME)";
				SWIFT_VERSION = 5.0;
				TARGETED_DEVICE_FAMILY = "1,2";
			};
			name = Release;
		};
/* End XCBuildConfiguration section */

/* Begin XCConfigurationList section */
		A8E5EAAE24F21EAA00CF7D27 /* Build configuration list for PBXProject "Ratio Menu" */ = {
			isa = XCConfigurationList;
			buildConfigurations = (
				A8E5EAC024F21EAC00CF7D27 /* Debug */,
				A8E5EAC124F21EAC00CF7D27 /* Release */,
			);
			defaultConfigurationIsVisible = 0;
			defaultConfigurationName = Release;
		};
		A8E5EAC224F21EAC00CF7D27 /* Build configuration list for PBXNativeTarget "Ratio Menu" */ = {
			isa = XCConfigurationList;
			buildConfigurations = (
				A8E5EAC324F21EAC00CF7D27 /* Debug */,
				A8E5EAC424F21EAC00CF7D27 /* Release */,
			);
			defaultConfigurationIsVisible = 0;
			defaultConfigurationName = Release;
		};
/* End XCConfigurationList section */
	};
	rootObject = A8E5EAAB24F21EAA00CF7D27 /* Project object */;
}
