// !$*UTF8*$!
{
	archiveVersion = 1;
	classes = {
	};
	objectVersion = 50;
	objects = {

/* Begin PBXBuildFile section */
		A87BEB7824C8AE2100BEC98F /* AppDelegate.swift in Sources */ = {isa = PBXBuildFile; fileRef = A87BEB7724C8AE2100BEC98F /* AppDelegate.swift */; };
		A87BEB7A24C8AE2100BEC98F /* SceneDelegate.swift in Sources */ = {isa = PBXBuildFile; fileRef = A87BEB7924C8AE2100BEC98F /* SceneDelegate.swift */; };
		A87BEB7C24C8AE2100BEC98F /* ContentView.swift in Sources */ = {isa = PBXBuildFile; fileRef = A87BEB7B24C8AE2100BEC98F /* ContentView.swift */; };
		A87BEB7E24C8AE2300BEC98F /* Assets.xcassets in Resources */ = {isa = PBXBuildFile; fileRef = A87BEB7D24C8AE2300BEC98F /* Assets.xcassets */; };
		A87BEB8124C8AE2300BEC98F /* Preview Assets.xcassets in Resources */ = {isa = PBXBuildFile; fileRef = A87BEB8024C8AE2300BEC98F /* Preview Assets.xcassets */; };
		A87BEB8424C8AE2300BEC98F /* LaunchScreen.storyboard in Resources */ = {isa = PBXBuildFile; fileRef = A87BEB8224C8AE2300BEC98F /* LaunchScreen.storyboard */; };
/* End PBXBuildFile section */

/* Begin PBXFileReference section */
		A87BEB7424C8AE2100BEC98F /* SwipeUpDown.app */ = {isa = PBXFileReference; explicitFileType = wrapper.application; includeInIndex = 0; path = SwipeUpDown.app; sourceTree = BUILT_PRODUCTS_DIR; };
		A87BEB7724C8AE2100BEC98F /* AppDelegate.swift */ = {isa = PBXFileReference; lastKnownFileType = sourcecode.swift; path = AppDelegate.swift; sourceTree = "<group>"; };
		A87BEB7924C8AE2100BEC98F /* SceneDelegate.swift */ = {isa = PBXFileReference; lastKnownFileType = sourcecode.swift; path = SceneDelegate.swift; sourceTree = "<group>"; };
		A87BEB7B24C8AE2100BEC98F /* ContentView.swift */ = {isa = PBXFileReference; lastKnownFileType = sourcecode.swift; path = ContentView.swift; sourceTree = "<group>"; };
		A87BEB7D24C8AE2300BEC98F /* Assets.xcassets */ = {isa = PBXFileReference; lastKnownFileType = folder.assetcatalog; path = Assets.xcassets; sourceTree = "<group>"; };
		A87BEB8024C8AE2300BEC98F /* Preview Assets.xcassets */ = {isa = PBXFileReference; lastKnownFileType = folder.assetcatalog; path = "Preview Assets.xcassets"; sourceTree = "<group>"; };
		A87BEB8324C8AE2300BEC98F /* Base */ = {isa = PBXFileReference; lastKnownFileType = file.storyboard; name = Base; path = Base.lproj/LaunchScreen.storyboard; sourceTree = "<group>"; };
		A87BEB8524C8AE2300BEC98F /* Info.plist */ = {isa = PBXFileReference; lastKnownFileType = text.plist.xml; path = Info.plist; sourceTree = "<group>"; };
/* End PBXFileReference section */

/* Begin PBXFrameworksBuildPhase section */
		A87BEB7124C8AE2100BEC98F /* Frameworks */ = {
			isa = PBXFrameworksBuildPhase;
			buildActionMask = 2147483647;
			files = (
			);
			runOnlyForDeploymentPostprocessing = 0;
		};
/* End PBXFrameworksBuildPhase section */

/* Begin PBXGroup section */
		A87BEB6B24C8AE2100BEC98F = {
			isa = PBXGroup;
			children = (
				A87BEB7624C8AE2100BEC98F /* SwipeUpDown */,
				A87BEB7524C8AE2100BEC98F /* Products */,
			);
			sourceTree = "<group>";
		};
		A87BEB7524C8AE2100BEC98F /* Products */ = {
			isa = PBXGroup;
			children = (
				A87BEB7424C8AE2100BEC98F /* SwipeUpDown.app */,
			);
			name = Products;
			sourceTree = "<group>";
		};
		A87BEB7624C8AE2100BEC98F /* SwipeUpDown */ = {
			isa = PBXGroup;
			children = (
				A87BEB7724C8AE2100BEC98F /* AppDelegate.swift */,
				A87BEB7924C8AE2100BEC98F /* SceneDelegate.swift */,
				A87BEB7B24C8AE2100BEC98F /* ContentView.swift */,
				A87BEB7D24C8AE2300BEC98F /* Assets.xcassets */,
				A87BEB8224C8AE2300BEC98F /* LaunchScreen.storyboard */,
				A87BEB8524C8AE2300BEC98F /* Info.plist */,
				A87BEB7F24C8AE2300BEC98F /* Preview Content */,
			);
			path = SwipeUpDown;
			sourceTree = "<group>";
		};
		A87BEB7F24C8AE2300BEC98F /* Preview Content */ = {
			isa = PBXGroup;
			children = (
				A87BEB8024C8AE2300BEC98F /* Preview Assets.xcassets */,
			);
			path = "Preview Content";
			sourceTree = "<group>";
		};
/* End PBXGroup section */

/* Begin PBXNativeTarget section */
		A87BEB7324C8AE2100BEC98F /* SwipeUpDown */ = {
			isa = PBXNativeTarget;
			buildConfigurationList = A87BEB8824C8AE2300BEC98F /* Build configuration list for PBXNativeTarget "SwipeUpDown" */;
			buildPhases = (
				A87BEB7024C8AE2100BEC98F /* Sources */,
				A87BEB7124C8AE2100BEC98F /* Frameworks */,
				A87BEB7224C8AE2100BEC98F /* Resources */,
			);
			buildRules = (
			);
			dependencies = (
			);
			name = SwipeUpDown;
			productName = SwipeUpDown;
			productReference = A87BEB7424C8AE2100BEC98F /* SwipeUpDown.app */;
			productType = "com.apple.product-type.application";
		};
/* End PBXNativeTarget section */

/* Begin PBXProject section */
		A87BEB6C24C8AE2100BEC98F /* Project object */ = {
			isa = PBXProject;
			attributes = {
				LastSwiftUpdateCheck = 1160;
				LastUpgradeCheck = 1160;
				ORGANIZATIONNAME = "Omar Alejandro Robles Altamirano";
				TargetAttributes = {
					A87BEB7324C8AE2100BEC98F = {
						CreatedOnToolsVersion = 11.6;
					};
				};
			};
			buildConfigurationList = A87BEB6F24C8AE2100BEC98F /* Build configuration list for PBXProject "SwipeUpDown" */;
			compatibilityVersion = "Xcode 9.3";
			developmentRegion = en;
			hasScannedForEncodings = 0;
			knownRegions = (
				en,
				Base,
			);
			mainGroup = A87BEB6B24C8AE2100BEC98F;
			productRefGroup = A87BEB7524C8AE2100BEC98F /* Products */;
			projectDirPath = "";
			projectRoot = "";
			targets = (
				A87BEB7324C8AE2100BEC98F /* SwipeUpDown */,
			);
		};
/* End PBXProject section */

/* Begin PBXResourcesBuildPhase section */
		A87BEB7224C8AE2100BEC98F /* Resources */ = {
			isa = PBXResourcesBuildPhase;
			buildActionMask = 2147483647;
			files = (
				A87BEB8424C8AE2300BEC98F /* LaunchScreen.storyboard in Resources */,
				A87BEB8124C8AE2300BEC98F /* Preview Assets.xcassets in Resources */,
				A87BEB7E24C8AE2300BEC98F /* Assets.xcassets in Resources */,
			);
			runOnlyForDeploymentPostprocessing = 0;
		};
/* End PBXResourcesBuildPhase section */

/* Begin PBXSourcesBuildPhase section */
		A87BEB7024C8AE2100BEC98F /* Sources */ = {
			isa = PBXSourcesBuildPhase;
			buildActionMask = 2147483647;
			files = (
				A87BEB7824C8AE2100BEC98F /* AppDelegate.swift in Sources */,
				A87BEB7A24C8AE2100BEC98F /* SceneDelegate.swift in Sources */,
				A87BEB7C24C8AE2100BEC98F /* ContentView.swift in Sources */,
			);
			runOnlyForDeploymentPostprocessing = 0;
		};
/* End PBXSourcesBuildPhase section */

/* Begin PBXVariantGroup section */
		A87BEB8224C8AE2300BEC98F /* LaunchScreen.storyboard */ = {
			isa = PBXVariantGroup;
			children = (
				A87BEB8324C8AE2300BEC98F /* Base */,
			);
			name = LaunchScreen.storyboard;
			sourceTree = "<group>";
		};
/* End PBXVariantGroup section */

/* Begin XCBuildConfiguration section */
		A87BEB8624C8AE2300BEC98F /* Debug */ = {
			isa = XCBuildConfiguration;
			buildSettings = {
				ALWAYS_SEARCH_USER_PATHS = NO;
				CLANG_ANALYZER_NONNULL = YES;
				CLANG_ANALYZER_NUMBER_OBJECT_CONVERSION = YES_AGGRESSIVE;
				CLANG_CXX_LANGUAGE_STANDARD = "gnu++14";
				CLANG_CXX_LIBRARY = "libc++";
				CLANG_ENABLE_MODULES = YES;
				CLANG_ENABLE_OBJC_ARC = YES;
				CLANG_ENABLE_OBJC_WEAK = YES;
				CLANG_WARN_BLOCK_CAPTURE_AUTORELEASING = YES;
				CLANG_WARN_BOOL_CONVERSION = YES;
				CLANG_WARN_COMMA = YES;
				CLANG_WARN_CONSTANT_CONVERSION = YES;
				CLANG_WARN_DEPRECATED_OBJC_IMPLEMENTATIONS = YES;
				CLANG_WARN_DIRECT_OBJC_ISA_USAGE = YES_ERROR;
				CLANG_WARN_DOCUMENTATION_COMMENTS = YES;
				CLANG_WARN_EMPTY_BODY = YES;
				CLANG_WARN_ENUM_CONVERSION = YES;
				CLANG_WARN_INFINITE_RECURSION = YES;
				CLANG_WARN_INT_CONVERSION = YES;
				CLANG_WARN_NON_LITERAL_NULL_CONVERSION = YES;
				CLANG_WARN_OBJC_IMPLICIT_RETAIN_SELF = YES;
				CLANG_WARN_OBJC_LITERAL_CONVERSION = YES;
				CLANG_WARN_OBJC_ROOT_CLASS = YES_ERROR;
				CLANG_WARN_RANGE_LOOP_ANALYSIS = YES;
				CLANG_WARN_STRICT_PROTOTYPES = YES;
				CLANG_WARN_SUSPICIOUS_MOVE = YES;
				CLANG_WARN_UNGUARDED_AVAILABILITY = YES_AGGRESSIVE;
				CLANG_WARN_UNREACHABLE_CODE = YES;
				CLANG_WARN__DUPLICATE_METHOD_MATCH = YES;
				COPY_PHASE_STRIP = NO;
				DEBUG_INFORMATION_FORMAT = dwarf;
				ENABLE_STRICT_OBJC_MSGSEND = YES;
				ENABLE_TESTABILITY = YES;
				GCC_C_LANGUAGE_STANDARD = gnu11;
				GCC_DYNAMIC_NO_PIC = NO;
				GCC_NO_COMMON_BLOCKS = YES;
				GCC_OPTIMIZATION_LEVEL = 0;
				GCC_PREPROCESSOR_DEFINITIONS = (
					"DEBUG=1",
					"$(inherited)",
				);
				GCC_WARN_64_TO_32_BIT_CONVERSION = YES;
				GCC_WARN_ABOUT_RETURN_TYPE = YES_ERROR;
				GCC_WARN_UNDECLARED_SELECTOR = YES;
				GCC_WARN_UNINITIALIZED_AUTOS = YES_AGGRESSIVE;
				GCC_WARN_UNUSED_FUNCTION = YES;
				GCC_WARN_UNUSED_VARIABLE = YES;
				IPHONEOS_DEPLOYMENT_TARGET = 13.6;
				MTL_ENABLE_DEBUG_INFO = INCLUDE_SOURCE;
				MTL_FAST_MATH = YES;
				ONLY_ACTIVE_ARCH = YES;
				SDKROOT = iphoneos;
				SWIFT_ACTIVE_COMPILATION_CONDITIONS = DEBUG;
				SWIFT_OPTIMIZATION_LEVEL = "-Onone";
			};
			name = Debug;
		};
		A87BEB8724C8AE2300BEC98F /* Release */ = {
			isa = XCBuildConfiguration;
			buildSettings = {
				ALWAYS_SEARCH_USER_PATHS = NO;
				CLANG_ANALYZER_NONNULL = YES;
				CLANG_ANALYZER_NUMBER_OBJECT_CONVERSION = YES_AGGRESSIVE;
				CLANG_CXX_LANGUAGE_STANDARD = "gnu++14";
				CLANG_CXX_LIBRARY = "libc++";
				CLANG_ENABLE_MODULES = YES;
				CLANG_ENABLE_OBJC_ARC = YES;
				CLANG_ENABLE_OBJC_WEAK = YES;
				CLANG_WARN_BLOCK_CAPTURE_AUTORELEASING = YES;
				CLANG_WARN_BOOL_CONVERSION = YES;
				CLANG_WARN_COMMA = YES;
				CLANG_WARN_CONSTANT_CONVERSION = YES;
				CLANG_WARN_DEPRECATED_OBJC_IMPLEMENTATIONS = YES;
				CLANG_WARN_DIRECT_OBJC_ISA_USAGE = YES_ERROR;
				CLANG_WARN_DOCUMENTATION_COMMENTS = YES;
				CLANG_WARN_EMPTY_BODY = YES;
				CLANG_WARN_ENUM_CONVERSION = YES;
				CLANG_WARN_INFINITE_RECURSION = YES;
				CLANG_WARN_INT_CONVERSION = YES;
				CLANG_WARN_NON_LITERAL_NULL_CONVERSION = YES;
				CLANG_WARN_OBJC_IMPLICIT_RETAIN_SELF = YES;
				CLANG_WARN_OBJC_LITERAL_CONVERSION = YES;
				CLANG_WARN_OBJC_ROOT_CLASS = YES_ERROR;
				CLANG_WARN_RANGE_LOOP_ANALYSIS = YES;
				CLANG_WARN_STRICT_PROTOTYPES = YES;
				CLANG_WARN_SUSPICIOUS_MOVE = YES;
				CLANG_WARN_UNGUARDED_AVAILABILITY = YES_AGGRESSIVE;
				CLANG_WARN_UNREACHABLE_CODE = YES;
				CLANG_WARN__DUPLICATE_METHOD_MATCH = YES;
				COPY_PHASE_STRIP = NO;
				DEBUG_INFORMATION_FORMAT = "dwarf-with-dsym";
				ENABLE_NS_ASSERTIONS = NO;
				ENABLE_STRICT_OBJC_MSGSEND = YES;
				GCC_C_LANGUAGE_STANDARD = gnu11;
				GCC_NO_COMMON_BLOCKS = YES;
				GCC_WARN_64_TO_32_BIT_CONVERSION = YES;
				GCC_WARN_ABOUT_RETURN_TYPE = YES_ERROR;
				GCC_WARN_UNDECLARED_SELECTOR = YES;
				GCC_WARN_UNINITIALIZED_AUTOS = YES_AGGRESSIVE;
				GCC_WARN_UNUSED_FUNCTION = YES;
				GCC_WARN_UNUSED_VARIABLE = YES;
				IPHONEOS_DEPLOYMENT_TARGET = 13.6;
				MTL_ENABLE_DEBUG_INFO = NO;
				MTL_FAST_MATH = YES;
				SDKROOT = iphoneos;
				SWIFT_COMPILATION_MODE = wholemodule;
				SWIFT_OPTIMIZATION_LEVEL = "-O";
				VALIDATE_PRODUCT = YES;
			};
			name = Release;
		};
		A87BEB8924C8AE2300BEC98F /* Debug */ = {
			isa = XCBuildConfiguration;
			buildSettings = {
				ASSETCATALOG_COMPILER_APPICON_NAME = AppIcon;
				CODE_SIGN_STYLE = Automatic;
				DEVELOPMENT_ASSET_PATHS = "\"SwipeUpDown/Preview Content\"";
				ENABLE_PREVIEWS = YES;
				INFOPLIST_FILE = SwipeUpDown/Info.plist;
				LD_RUNPATH_SEARCH_PATHS = (
					"$(inherited)",
					"@executable_path/Frameworks",
				);
				PRODUCT_BUNDLE_IDENTIFIER = com.Alejandro.SwipeUpDown;
				PRODUCT_NAME = "$(TARGET_NAME)";
				SWIFT_VERSION = 5.0;
				TARGETED_DEVICE_FAMILY = "1,2";
			};
			name = Debug;
		};
		A87BEB8A24C8AE2300BEC98F /* Release */ = {
			isa = XCBuildConfiguration;
			buildSettings = {
				ASSETCATALOG_COMPILER_APPICON_NAME = AppIcon;
				CODE_SIGN_STYLE = Automatic;
				DEVELOPMENT_ASSET_PATHS = "\"SwipeUpDown/Preview Content\"";
				ENABLE_PREVIEWS = YES;
				INFOPLIST_FILE = SwipeUpDown/Info.plist;
				LD_RUNPATH_SEARCH_PATHS = (
					"$(inherited)",
					"@executable_path/Frameworks",
				);
				PRODUCT_BUNDLE_IDENTIFIER = com.Alejandro.SwipeUpDown;
				PRODUCT_NAME = "$(TARGET_NAME)";
				SWIFT_VERSION = 5.0;
				TARGETED_DEVICE_FAMILY = "1,2";
			};
			name = Release;
		};
/* End XCBuildConfiguration section */

/* Begin XCConfigurationList section */
		A87BEB6F24C8AE2100BEC98F /* Build configuration list for PBXProject "SwipeUpDown" */ = {
			isa = XCConfigurationList;
			buildConfigurations = (
				A87BEB8624C8AE2300BEC98F /* Debug */,
				A87BEB8724C8AE2300BEC98F /* Release */,
			);
			defaultConfigurationIsVisible = 0;
			defaultConfigurationName = Release;
		};
		A87BEB8824C8AE2300BEC98F /* Build configuration list for PBXNativeTarget "SwipeUpDown" */ = {
			isa = XCConfigurationList;
			buildConfigurations = (
				A87BEB8924C8AE2300BEC98F /* Debug */,
				A87BEB8A24C8AE2300BEC98F /* Release */,
			);
			defaultConfigurationIsVisible = 0;
			defaultConfigurationName = Release;
		};
/* End XCConfigurationList section */
	};
	rootObject = A87BEB6C24C8AE2100BEC98F /* Project object */;
}
