// !$*UTF8*$!
{
	archiveVersion = 1;
	classes = {
	};
	objectVersion = 50;
	objects = {

/* Begin PBXBuildFile section */
		1F7CBFB0D9B092F8C4C2CE90 /* Pods_Location_Sharing.framework in Frameworks */ = {isa = PBXBuildFile; fileRef = FE0CA1DB3423C7528F3D1952 /* Pods_Location_Sharing.framework */; };
		A8CA64AD24B7FE4400BC165F /* AppDelegate.swift in Sources */ = {isa = PBXBuildFile; fileRef = A8CA64AC24B7FE4400BC165F /* AppDelegate.swift */; };
		A8CA64AF24B7FE4400BC165F /* SceneDelegate.swift in Sources */ = {isa = PBXBuildFile; fileRef = A8CA64AE24B7FE4400BC165F /* SceneDelegate.swift */; };
		A8CA64B124B7FE4400BC165F /* ContentView.swift in Sources */ = {isa = PBXBuildFile; fileRef = A8CA64B024B7FE4400BC165F /* ContentView.swift */; };
		A8CA64B324B7FE4500BC165F /* Assets.xcassets in Resources */ = {isa = PBXBuildFile; fileRef = A8CA64B224B7FE4500BC165F /* Assets.xcassets */; };
		A8CA64B624B7FE4500BC165F /* Preview Assets.xcassets in Resources */ = {isa = PBXBuildFile; fileRef = A8CA64B524B7FE4500BC165F /* Preview Assets.xcassets */; };
		A8CA64B924B7FE4500BC165F /* LaunchScreen.storyboard in Resources */ = {isa = PBXBuildFile; fileRef = A8CA64B724B7FE4500BC165F /* LaunchScreen.storyboard */; };
		A8CA64C124B7FF3E00BC165F /* GoogleService-Info.plist in Resources */ = {isa = PBXBuildFile; fileRef = A8CA64C024B7FF3E00BC165F /* GoogleService-Info.plist */; };
/* End PBXBuildFile section */

/* Begin PBXFileReference section */
		72179C21BF1DE24D10D2D61F /* Pods-Location Sharing.debug.xcconfig */ = {isa = PBXFileReference; includeInIndex = 1; lastKnownFileType = text.xcconfig; name = "Pods-Location Sharing.debug.xcconfig"; path = "Target Support Files/Pods-Location Sharing/Pods-Location Sharing.debug.xcconfig"; sourceTree = "<group>"; };
		A8CA64A924B7FE4400BC165F /* Location Sharing.app */ = {isa = PBXFileReference; explicitFileType = wrapper.application; includeInIndex = 0; path = "Location Sharing.app"; sourceTree = BUILT_PRODUCTS_DIR; };
		A8CA64AC24B7FE4400BC165F /* AppDelegate.swift */ = {isa = PBXFileReference; lastKnownFileType = sourcecode.swift; path = AppDelegate.swift; sourceTree = "<group>"; };
		A8CA64AE24B7FE4400BC165F /* SceneDelegate.swift */ = {isa = PBXFileReference; lastKnownFileType = sourcecode.swift; path = SceneDelegate.swift; sourceTree = "<group>"; };
		A8CA64B024B7FE4400BC165F /* ContentView.swift */ = {isa = PBXFileReference; lastKnownFileType = sourcecode.swift; path = ContentView.swift; sourceTree = "<group>"; };
		A8CA64B224B7FE4500BC165F /* Assets.xcassets */ = {isa = PBXFileReference; lastKnownFileType = folder.assetcatalog; path = Assets.xcassets; sourceTree = "<group>"; };
		A8CA64B524B7FE4500BC165F /* Preview Assets.xcassets */ = {isa = PBXFileReference; lastKnownFileType = folder.assetcatalog; path = "Preview Assets.xcassets"; sourceTree = "<group>"; };
		A8CA64B824B7FE4500BC165F /* Base */ = {isa = PBXFileReference; lastKnownFileType = file.storyboard; name = Base; path = Base.lproj/LaunchScreen.storyboard; sourceTree = "<group>"; };
		A8CA64BA24B7FE4500BC165F /* Info.plist */ = {isa = PBXFileReference; lastKnownFileType = text.plist.xml; path = Info.plist; sourceTree = "<group>"; };
		A8CA64C024B7FF3E00BC165F /* GoogleService-Info.plist */ = {isa = PBXFileReference; fileEncoding = 4; lastKnownFileType = text.plist.xml; path = "GoogleService-Info.plist"; sourceTree = "<group>"; };
		D313C088608A563009EFF353 /* Pods-Location Sharing.release.xcconfig */ = {isa = PBXFileReference; includeInIndex = 1; lastKnownFileType = text.xcconfig; name = "Pods-Location Sharing.release.xcconfig"; path = "Target Support Files/Pods-Location Sharing/Pods-Location Sharing.release.xcconfig"; sourceTree = "<group>"; };
		FE0CA1DB3423C7528F3D1952 /* Pods_Location_Sharing.framework */ = {isa = PBXFileReference; explicitFileType = wrapper.framework; includeInIndex = 0; path = Pods_Location_Sharing.framework; sourceTree = BUILT_PRODUCTS_DIR; };
/* End PBXFileReference section */

/* Begin PBXFrameworksBuildPhase section */
		A8CA64A624B7FE4400BC165F /* Frameworks */ = {
			isa = PBXFrameworksBuildPhase;
			buildActionMask = 2147483647;
			files = (
				1F7CBFB0D9B092F8C4C2CE90 /* Pods_Location_Sharing.framework in Frameworks */,
			);
			runOnlyForDeploymentPostprocessing = 0;
		};
/* End PBXFrameworksBuildPhase section */

/* Begin PBXGroup section */
		6A51C806FA9562276C2E9FFB /* Frameworks */ = {
			isa = PBXGroup;
			children = (
				FE0CA1DB3423C7528F3D1952 /* Pods_Location_Sharing.framework */,
			);
			name = Frameworks;
			sourceTree = "<group>";
		};
		A8CA64A024B7FE4400BC165F = {
			isa = PBXGroup;
			children = (
				A8CA64AB24B7FE4400BC165F /* Location Sharing */,
				A8CA64AA24B7FE4400BC165F /* Products */,
				D434D07378A997BF5074ED76 /* Pods */,
				6A51C806FA9562276C2E9FFB /* Frameworks */,
			);
			sourceTree = "<group>";
		};
		A8CA64AA24B7FE4400BC165F /* Products */ = {
			isa = PBXGroup;
			children = (
				A8CA64A924B7FE4400BC165F /* Location Sharing.app */,
			);
			name = Products;
			sourceTree = "<group>";
		};
		A8CA64AB24B7FE4400BC165F /* Location Sharing */ = {
			isa = PBXGroup;
			children = (
				A8CA64AC24B7FE4400BC165F /* AppDelegate.swift */,
				A8CA64AE24B7FE4400BC165F /* SceneDelegate.swift */,
				A8CA64B024B7FE4400BC165F /* ContentView.swift */,
				A8CA64B224B7FE4500BC165F /* Assets.xcassets */,
				A8CA64B724B7FE4500BC165F /* LaunchScreen.storyboard */,
				A8CA64BA24B7FE4500BC165F /* Info.plist */,
				A8CA64C024B7FF3E00BC165F /* GoogleService-Info.plist */,
				A8CA64B424B7FE4500BC165F /* Preview Content */,
			);
			path = "Location Sharing";
			sourceTree = "<group>";
		};
		A8CA64B424B7FE4500BC165F /* Preview Content */ = {
			isa = PBXGroup;
			children = (
				A8CA64B524B7FE4500BC165F /* Preview Assets.xcassets */,
			);
			path = "Preview Content";
			sourceTree = "<group>";
		};
		D434D07378A997BF5074ED76 /* Pods */ = {
			isa = PBXGroup;
			children = (
				72179C21BF1DE24D10D2D61F /* Pods-Location Sharing.debug.xcconfig */,
				D313C088608A563009EFF353 /* Pods-Location Sharing.release.xcconfig */,
			);
			name = Pods;
			path = Pods;
			sourceTree = "<group>";
		};
/* End PBXGroup section */

/* Begin PBXNativeTarget section */
		A8CA64A824B7FE4400BC165F /* Location Sharing */ = {
			isa = PBXNativeTarget;
			buildConfigurationList = A8CA64BD24B7FE4500BC165F /* Build configuration list for PBXNativeTarget "Location Sharing" */;
			buildPhases = (
				66D40DAEB14C5CCB4420AE1A /* [CP] Check Pods Manifest.lock */,
				A8CA64A524B7FE4400BC165F /* Sources */,
				A8CA64A624B7FE4400BC165F /* Frameworks */,
				A8CA64A724B7FE4400BC165F /* Resources */,
				CE280E40A8070818FEE422CC /* [CP] Embed Pods Frameworks */,
			);
			buildRules = (
			);
			dependencies = (
			);
			name = "Location Sharing";
			productName = "Location Sharing";
			productReference = A8CA64A924B7FE4400BC165F /* Location Sharing.app */;
			productType = "com.apple.product-type.application";
		};
/* End PBXNativeTarget section */

/* Begin PBXProject section */
		A8CA64A124B7FE4400BC165F /* Project object */ = {
			isa = PBXProject;
			attributes = {
				LastSwiftUpdateCheck = 1150;
				LastUpgradeCheck = 1150;
				ORGANIZATIONNAME = "Omar Alejandro Robles Altamirano";
				TargetAttributes = {
					A8CA64A824B7FE4400BC165F = {
						CreatedOnToolsVersion = 11.5;
					};
				};
			};
			buildConfigurationList = A8CA64A424B7FE4400BC165F /* Build configuration list for PBXProject "Location Sharing" */;
			compatibilityVersion = "Xcode 9.3";
			developmentRegion = en;
			hasScannedForEncodings = 0;
			knownRegions = (
				en,
				Base,
			);
			mainGroup = A8CA64A024B7FE4400BC165F;
			productRefGroup = A8CA64AA24B7FE4400BC165F /* Products */;
			projectDirPath = "";
			projectRoot = "";
			targets = (
				A8CA64A824B7FE4400BC165F /* Location Sharing */,
			);
		};
/* End PBXProject section */

/* Begin PBXResourcesBuildPhase section */
		A8CA64A724B7FE4400BC165F /* Resources */ = {
			isa = PBXResourcesBuildPhase;
			buildActionMask = 2147483647;
			files = (
				A8CA64B924B7FE4500BC165F /* LaunchScreen.storyboard in Resources */,
				A8CA64C124B7FF3E00BC165F /* GoogleService-Info.plist in Resources */,
				A8CA64B624B7FE4500BC165F /* Preview Assets.xcassets in Resources */,
				A8CA64B324B7FE4500BC165F /* Assets.xcassets in Resources */,
			);
			runOnlyForDeploymentPostprocessing = 0;
		};
/* End PBXResourcesBuildPhase section */

/* Begin PBXShellScriptBuildPhase section */
		66D40DAEB14C5CCB4420AE1A /* [CP] Check Pods Manifest.lock */ = {
			isa = PBXShellScriptBuildPhase;
			buildActionMask = 2147483647;
			files = (
			);
			inputFileListPaths = (
			);
			inputPaths = (
				"${PODS_PODFILE_DIR_PATH}/Podfile.lock",
				"${PODS_ROOT}/Manifest.lock",
			);
			name = "[CP] Check Pods Manifest.lock";
			outputFileListPaths = (
			);
			outputPaths = (
				"$(DERIVED_FILE_DIR)/Pods-Location Sharing-checkManifestLockResult.txt",
			);
			runOnlyForDeploymentPostprocessing = 0;
			shellPath = /bin/sh;
			shellScript = "diff \"${PODS_PODFILE_DIR_PATH}/Podfile.lock\" \"${PODS_ROOT}/Manifest.lock\" > /dev/null\nif [ $? != 0 ] ; then\n    # print error to STDERR\n    echo \"error: The sandbox is not in sync with the Podfile.lock. Run 'pod install' or update your CocoaPods installation.\" >&2\n    exit 1\nfi\n# This output is used by Xcode 'outputs' to avoid re-running this script phase.\necho \"SUCCESS\" > \"${SCRIPT_OUTPUT_FILE_0}\"\n";
			showEnvVarsInLog = 0;
		};
		CE280E40A8070818FEE422CC /* [CP] Embed Pods Frameworks */ = {
			isa = PBXShellScriptBuildPhase;
			buildActionMask = 2147483647;
			files = (
			);
			inputFileListPaths = (
				"${PODS_ROOT}/Target Support Files/Pods-Location Sharing/Pods-Location Sharing-frameworks-${CONFIGURATION}-input-files.xcfilelist",
			);
			name = "[CP] Embed Pods Frameworks";
			outputFileListPaths = (
				"${PODS_ROOT}/Target Support Files/Pods-Location Sharing/Pods-Location Sharing-frameworks-${CONFIGURATION}-output-files.xcfilelist",
			);
			runOnlyForDeploymentPostprocessing = 0;
			shellPath = /bin/sh;
			shellScript = "\"${PODS_ROOT}/Target Support Files/Pods-Location Sharing/Pods-Location Sharing-frameworks.sh\"\n";
			showEnvVarsInLog = 0;
		};
/* End PBXShellScriptBuildPhase section */

/* Begin PBXSourcesBuildPhase section */
		A8CA64A524B7FE4400BC165F /* Sources */ = {
			isa = PBXSourcesBuildPhase;
			buildActionMask = 2147483647;
			files = (
				A8CA64AD24B7FE4400BC165F /* AppDelegate.swift in Sources */,
				A8CA64AF24B7FE4400BC165F /* SceneDelegate.swift in Sources */,
				A8CA64B124B7FE4400BC165F /* ContentView.swift in Sources */,
			);
			runOnlyForDeploymentPostprocessing = 0;
		};
/* End PBXSourcesBuildPhase section */

/* Begin PBXVariantGroup section */
		A8CA64B724B7FE4500BC165F /* LaunchScreen.storyboard */ = {
			isa = PBXVariantGroup;
			children = (
				A8CA64B824B7FE4500BC165F /* Base */,
			);
			name = LaunchScreen.storyboard;
			sourceTree = "<group>";
		};
/* End PBXVariantGroup section */

/* Begin XCBuildConfiguration section */
		A8CA64BB24B7FE4500BC165F /* Debug */ = {
			isa = XCBuildConfiguration;
			buildSettings = {
				ALWAYS_SEARCH_USER_PATHS = NO;
				CLANG_ANALYZER_NONNULL = YES;
				CLANG_ANALYZER_NUMBER_OBJECT_CONVERSION = YES_AGGRESSIVE;
				CLANG_CXX_LANGUAGE_STANDARD = "gnu++14";
				CLANG_CXX_LIBRARY = "libc++";
				CLANG_ENABLE_MODULES = YES;
				CLANG_ENABLE_OBJC_ARC = YES;
				CLANG_ENABLE_OBJC_WEAK = YES;
				CLANG_WARN_BLOCK_CAPTURE_AUTORELEASING = YES;
				CLANG_WARN_BOOL_CONVERSION = YES;
				CLANG_WARN_COMMA = YES;
				CLANG_WARN_CONSTANT_CONVERSION = YES;
				CLANG_WARN_DEPRECATED_OBJC_IMPLEMENTATIONS = YES;
				CLANG_WARN_DIRECT_OBJC_ISA_USAGE = YES_ERROR;
				CLANG_WARN_DOCUMENTATION_COMMENTS = YES;
				CLANG_WARN_EMPTY_BODY = YES;
				CLANG_WARN_ENUM_CONVERSION = YES;
				CLANG_WARN_INFINITE_RECURSION = YES;
				CLANG_WARN_INT_CONVERSION = YES;
				CLANG_WARN_NON_LITERAL_NULL_CONVERSION = YES;
				CLANG_WARN_OBJC_IMPLICIT_RETAIN_SELF = YES;
				CLANG_WARN_OBJC_LITERAL_CONVERSION = YES;
				CLANG_WARN_OBJC_ROOT_CLASS = YES_ERROR;
				CLANG_WARN_RANGE_LOOP_ANALYSIS = YES;
				CLANG_WARN_STRICT_PROTOTYPES = YES;
				CLANG_WARN_SUSPICIOUS_MOVE = YES;
				CLANG_WARN_UNGUARDED_AVAILABILITY = YES_AGGRESSIVE;
				CLANG_WARN_UNREACHABLE_CODE = YES;
				CLANG_WARN__DUPLICATE_METHOD_MATCH = YES;
				COPY_PHASE_STRIP = NO;
				DEBUG_INFORMATION_FORMAT = dwarf;
				ENABLE_STRICT_OBJC_MSGSEND = YES;
				ENABLE_TESTABILITY = YES;
				GCC_C_LANGUAGE_STANDARD = gnu11;
				GCC_DYNAMIC_NO_PIC = NO;
				GCC_NO_COMMON_BLOCKS = YES;
				GCC_OPTIMIZATION_LEVEL = 0;
				GCC_PREPROCESSOR_DEFINITIONS = (
					"DEBUG=1",
					"$(inherited)",
				);
				GCC_WARN_64_TO_32_BIT_CONVERSION = YES;
				GCC_WARN_ABOUT_RETURN_TYPE = YES_ERROR;
				GCC_WARN_UNDECLARED_SELECTOR = YES;
				GCC_WARN_UNINITIALIZED_AUTOS = YES_AGGRESSIVE;
				GCC_WARN_UNUSED_FUNCTION = YES;
				GCC_WARN_UNUSED_VARIABLE = YES;
				IPHONEOS_DEPLOYMENT_TARGET = 13.5;
				MTL_ENABLE_DEBUG_INFO = INCLUDE_SOURCE;
				MTL_FAST_MATH = YES;
				ONLY_ACTIVE_ARCH = YES;
				SDKROOT = iphoneos;
				SWIFT_ACTIVE_COMPILATION_CONDITIONS = DEBUG;
				SWIFT_OPTIMIZATION_LEVEL = "-Onone";
			};
			name = Debug;
		};
		A8CA64BC24B7FE4500BC165F /* Release */ = {
			isa = XCBuildConfiguration;
			buildSettings = {
				ALWAYS_SEARCH_USER_PATHS = NO;
				CLANG_ANALYZER_NONNULL = YES;
				CLANG_ANALYZER_NUMBER_OBJECT_CONVERSION = YES_AGGRESSIVE;
				CLANG_CXX_LANGUAGE_STANDARD = "gnu++14";
				CLANG_CXX_LIBRARY = "libc++";
				CLANG_ENABLE_MODULES = YES;
				CLANG_ENABLE_OBJC_ARC = YES;
				CLANG_ENABLE_OBJC_WEAK = YES;
				CLANG_WARN_BLOCK_CAPTURE_AUTORELEASING = YES;
				CLANG_WARN_BOOL_CONVERSION = YES;
				CLANG_WARN_COMMA = YES;
				CLANG_WARN_CONSTANT_CONVERSION = YES;
				CLANG_WARN_DEPRECATED_OBJC_IMPLEMENTATIONS = YES;
				CLANG_WARN_DIRECT_OBJC_ISA_USAGE = YES_ERROR;
				CLANG_WARN_DOCUMENTATION_COMMENTS = YES;
				CLANG_WARN_EMPTY_BODY = YES;
				CLANG_WARN_ENUM_CONVERSION = YES;
				CLANG_WARN_INFINITE_RECURSION = YES;
				CLANG_WARN_INT_CONVERSION = YES;
				CLANG_WARN_NON_LITERAL_NULL_CONVERSION = YES;
				CLANG_WARN_OBJC_IMPLICIT_RETAIN_SELF = YES;
				CLANG_WARN_OBJC_LITERAL_CONVERSION = YES;
				CLANG_WARN_OBJC_ROOT_CLASS = YES_ERROR;
				CLANG_WARN_RANGE_LOOP_ANALYSIS = YES;
				CLANG_WARN_STRICT_PROTOTYPES = YES;
				CLANG_WARN_SUSPICIOUS_MOVE = YES;
				CLANG_WARN_UNGUARDED_AVAILABILITY = YES_AGGRESSIVE;
				CLANG_WARN_UNREACHABLE_CODE = YES;
				CLANG_WARN__DUPLICATE_METHOD_MATCH = YES;
				COPY_PHASE_STRIP = NO;
				DEBUG_INFORMATION_FORMAT = "dwarf-with-dsym";
				ENABLE_NS_ASSERTIONS = NO;
				ENABLE_STRICT_OBJC_MSGSEND = YES;
				GCC_C_LANGUAGE_STANDARD = gnu11;
				GCC_NO_COMMON_BLOCKS = YES;
				GCC_WARN_64_TO_32_BIT_CONVERSION = YES;
				GCC_WARN_ABOUT_RETURN_TYPE = YES_ERROR;
				GCC_WARN_UNDECLARED_SELECTOR = YES;
				GCC_WARN_UNINITIALIZED_AUTOS = YES_AGGRESSIVE;
				GCC_WARN_UNUSED_FUNCTION = YES;
				GCC_WARN_UNUSED_VARIABLE = YES;
				IPHONEOS_DEPLOYMENT_TARGET = 13.5;
				MTL_ENABLE_DEBUG_INFO = NO;
				MTL_FAST_MATH = YES;
				SDKROOT = iphoneos;
				SWIFT_COMPILATION_MODE = wholemodule;
				SWIFT_OPTIMIZATION_LEVEL = "-O";
				VALIDATE_PRODUCT = YES;
			};
			name = Release;
		};
		A8CA64BE24B7FE4500BC165F /* Debug */ = {
			isa = XCBuildConfiguration;
			baseConfigurationReference = 72179C21BF1DE24D10D2D61F /* Pods-Location Sharing.debug.xcconfig */;
			buildSettings = {
				ASSETCATALOG_COMPILER_APPICON_NAME = AppIcon;
				CODE_SIGN_STYLE = Automatic;
				DEVELOPMENT_ASSET_PATHS = "\"Location Sharing/Preview Content\"";
				ENABLE_PREVIEWS = YES;
				INFOPLIST_FILE = "Location Sharing/Info.plist";
				LD_RUNPATH_SEARCH_PATHS = (
					"$(inherited)",
					"@executable_path/Frameworks",
				);
				PRODUCT_BUNDLE_IDENTIFIER = "com.Alejandro.Location-Sharing";
				PRODUCT_NAME = "$(TARGET_NAME)";
				SWIFT_VERSION = 5.0;
				TARGETED_DEVICE_FAMILY = "1,2";
			};
			name = Debug;
		};
		A8CA64BF24B7FE4500BC165F /* Release */ = {
			isa = XCBuildConfiguration;
			baseConfigurationReference = D313C088608A563009EFF353 /* Pods-Location Sharing.release.xcconfig */;
			buildSettings = {
				ASSETCATALOG_COMPILER_APPICON_NAME = AppIcon;
				CODE_SIGN_STYLE = Automatic;
				DEVELOPMENT_ASSET_PATHS = "\"Location Sharing/Preview Content\"";
				ENABLE_PREVIEWS = YES;
				INFOPLIST_FILE = "Location Sharing/Info.plist";
				LD_RUNPATH_SEARCH_PATHS = (
					"$(inherited)",
					"@executable_path/Frameworks",
				);
				PRODUCT_BUNDLE_IDENTIFIER = "com.Alejandro.Location-Sharing";
				PRODUCT_NAME = "$(TARGET_NAME)";
				SWIFT_VERSION = 5.0;
				TARGETED_DEVICE_FAMILY = "1,2";
			};
			name = Release;
		};
/* End XCBuildConfiguration section */

/* Begin XCConfigurationList section */
		A8CA64A424B7FE4400BC165F /* Build configuration list for PBXProject "Location Sharing" */ = {
			isa = XCConfigurationList;
			buildConfigurations = (
				A8CA64BB24B7FE4500BC165F /* Debug */,
				A8CA64BC24B7FE4500BC165F /* Release */,
			);
			defaultConfigurationIsVisible = 0;
			defaultConfigurationName = Release;
		};
		A8CA64BD24B7FE4500BC165F /* Build configuration list for PBXNativeTarget "Location Sharing" */ = {
			isa = XCConfigurationList;
			buildConfigurations = (
				A8CA64BE24B7FE4500BC165F /* Debug */,
				A8CA64BF24B7FE4500BC165F /* Release */,
			);
			defaultConfigurationIsVisible = 0;
			defaultConfigurationName = Release;
		};
/* End XCConfigurationList section */
	};
	rootObject = A8CA64A124B7FE4400BC165F /* Project object */;
}
