// !$*UTF8*$!
{
	archiveVersion = 1;
	classes = {
	};
	objectVersion = 50;
	objects = {

/* Begin PBXBuildFile section */
		6FB3F79C8121A6CDE77147BC /* Pods_AdMob_Banner.framework in Frameworks */ = {isa = PBXBuildFile; fileRef = 559672738A431306261706D4 /* Pods_AdMob_Banner.framework */; };
		A8E82F3624C358A200794382 /* AppDelegate.swift in Sources */ = {isa = PBXBuildFile; fileRef = A8E82F3524C358A200794382 /* AppDelegate.swift */; };
		A8E82F3824C358A200794382 /* SceneDelegate.swift in Sources */ = {isa = PBXBuildFile; fileRef = A8E82F3724C358A200794382 /* SceneDelegate.swift */; };
		A8E82F3A24C358A200794382 /* ContentView.swift in Sources */ = {isa = PBXBuildFile; fileRef = A8E82F3924C358A200794382 /* ContentView.swift */; };
		A8E82F3C24C358A300794382 /* Assets.xcassets in Resources */ = {isa = PBXBuildFile; fileRef = A8E82F3B24C358A300794382 /* Assets.xcassets */; };
		A8E82F3F24C358A300794382 /* Preview Assets.xcassets in Resources */ = {isa = PBXBuildFile; fileRef = A8E82F3E24C358A300794382 /* Preview Assets.xcassets */; };
		A8E82F4224C358A300794382 /* LaunchScreen.storyboard in Resources */ = {isa = PBXBuildFile; fileRef = A8E82F4024C358A300794382 /* LaunchScreen.storyboard */; };
/* End PBXBuildFile section */

/* Begin PBXFileReference section */
		0946F67BACC1AE0E30F5EE66 /* Pods-AdMob Banner.debug.xcconfig */ = {isa = PBXFileReference; includeInIndex = 1; lastKnownFileType = text.xcconfig; name = "Pods-AdMob Banner.debug.xcconfig"; path = "Target Support Files/Pods-AdMob Banner/Pods-AdMob Banner.debug.xcconfig"; sourceTree = "<group>"; };
		559672738A431306261706D4 /* Pods_AdMob_Banner.framework */ = {isa = PBXFileReference; explicitFileType = wrapper.framework; includeInIndex = 0; path = Pods_AdMob_Banner.framework; sourceTree = BUILT_PRODUCTS_DIR; };
		A8E82F3224C358A200794382 /* AdMob Banner.app */ = {isa = PBXFileReference; explicitFileType = wrapper.application; includeInIndex = 0; path = "AdMob Banner.app"; sourceTree = BUILT_PRODUCTS_DIR; };
		A8E82F3524C358A200794382 /* AppDelegate.swift */ = {isa = PBXFileReference; lastKnownFileType = sourcecode.swift; path = AppDelegate.swift; sourceTree = "<group>"; };
		A8E82F3724C358A200794382 /* SceneDelegate.swift */ = {isa = PBXFileReference; lastKnownFileType = sourcecode.swift; path = SceneDelegate.swift; sourceTree = "<group>"; };
		A8E82F3924C358A200794382 /* ContentView.swift */ = {isa = PBXFileReference; lastKnownFileType = sourcecode.swift; path = ContentView.swift; sourceTree = "<group>"; };
		A8E82F3B24C358A300794382 /* Assets.xcassets */ = {isa = PBXFileReference; lastKnownFileType = folder.assetcatalog; path = Assets.xcassets; sourceTree = "<group>"; };
		A8E82F3E24C358A300794382 /* Preview Assets.xcassets */ = {isa = PBXFileReference; lastKnownFileType = folder.assetcatalog; path = "Preview Assets.xcassets"; sourceTree = "<group>"; };
		A8E82F4124C358A300794382 /* Base */ = {isa = PBXFileReference; lastKnownFileType = file.storyboard; name = Base; path = Base.lproj/LaunchScreen.storyboard; sourceTree = "<group>"; };
		A8E82F4324C358A300794382 /* Info.plist */ = {isa = PBXFileReference; lastKnownFileType = text.plist.xml; path = Info.plist; sourceTree = "<group>"; };
		F2A1BBD38BCF7DE40DFE4F47 /* Pods-AdMob Banner.release.xcconfig */ = {isa = PBXFileReference; includeInIndex = 1; lastKnownFileType = text.xcconfig; name = "Pods-AdMob Banner.release.xcconfig"; path = "Target Support Files/Pods-AdMob Banner/Pods-AdMob Banner.release.xcconfig"; sourceTree = "<group>"; };
/* End PBXFileReference section */

/* Begin PBXFrameworksBuildPhase section */
		A8E82F2F24C358A200794382 /* Frameworks */ = {
			isa = PBXFrameworksBuildPhase;
			buildActionMask = 2147483647;
			files = (
				6FB3F79C8121A6CDE77147BC /* Pods_AdMob_Banner.framework in Frameworks */,
			);
			runOnlyForDeploymentPostprocessing = 0;
		};
/* End PBXFrameworksBuildPhase section */

/* Begin PBXGroup section */
		A16E5ADE3804B87BFE14A52E /* Frameworks */ = {
			isa = PBXGroup;
			children = (
				559672738A431306261706D4 /* Pods_AdMob_Banner.framework */,
			);
			name = Frameworks;
			sourceTree = "<group>";
		};
		A8E82F2924C358A200794382 = {
			isa = PBXGroup;
			children = (
				A8E82F3424C358A200794382 /* AdMob Banner */,
				A8E82F3324C358A200794382 /* Products */,
				C2B2C1C45D991B11DC101ABF /* Pods */,
				A16E5ADE3804B87BFE14A52E /* Frameworks */,
			);
			sourceTree = "<group>";
		};
		A8E82F3324C358A200794382 /* Products */ = {
			isa = PBXGroup;
			children = (
				A8E82F3224C358A200794382 /* AdMob Banner.app */,
			);
			name = Products;
			sourceTree = "<group>";
		};
		A8E82F3424C358A200794382 /* AdMob Banner */ = {
			isa = PBXGroup;
			children = (
				A8E82F3524C358A200794382 /* AppDelegate.swift */,
				A8E82F3724C358A200794382 /* SceneDelegate.swift */,
				A8E82F3924C358A200794382 /* ContentView.swift */,
				A8E82F3B24C358A300794382 /* Assets.xcassets */,
				A8E82F4024C358A300794382 /* LaunchScreen.storyboard */,
				A8E82F4324C358A300794382 /* Info.plist */,
				A8E82F3D24C358A300794382 /* Preview Content */,
			);
			path = "AdMob Banner";
			sourceTree = "<group>";
		};
		A8E82F3D24C358A300794382 /* Preview Content */ = {
			isa = PBXGroup;
			children = (
				A8E82F3E24C358A300794382 /* Preview Assets.xcassets */,
			);
			path = "Preview Content";
			sourceTree = "<group>";
		};
		C2B2C1C45D991B11DC101ABF /* Pods */ = {
			isa = PBXGroup;
			children = (
				0946F67BACC1AE0E30F5EE66 /* Pods-AdMob Banner.debug.xcconfig */,
				F2A1BBD38BCF7DE40DFE4F47 /* Pods-AdMob Banner.release.xcconfig */,
			);
			name = Pods;
			path = Pods;
			sourceTree = "<group>";
		};
/* End PBXGroup section */

/* Begin PBXNativeTarget section */
		A8E82F3124C358A200794382 /* AdMob Banner */ = {
			isa = PBXNativeTarget;
			buildConfigurationList = A8E82F4624C358A300794382 /* Build configuration list for PBXNativeTarget "AdMob Banner" */;
			buildPhases = (
				B1DB76D6CFC7FFC3BD1C71FD /* [CP] Check Pods Manifest.lock */,
				A8E82F2E24C358A200794382 /* Sources */,
				A8E82F2F24C358A200794382 /* Frameworks */,
				A8E82F3024C358A200794382 /* Resources */,
				694D5E62D6339DC5F8BCA656 /* [CP] Embed Pods Frameworks */,
			);
			buildRules = (
			);
			dependencies = (
			);
			name = "AdMob Banner";
			productName = "AdMob Banner";
			productReference = A8E82F3224C358A200794382 /* AdMob Banner.app */;
			productType = "com.apple.product-type.application";
		};
/* End PBXNativeTarget section */

/* Begin PBXProject section */
		A8E82F2A24C358A200794382 /* Project object */ = {
			isa = PBXProject;
			attributes = {
				LastSwiftUpdateCheck = 1150;
				LastUpgradeCheck = 1150;
				ORGANIZATIONNAME = "Omar Alejandro Robles Altamirano";
				TargetAttributes = {
					A8E82F3124C358A200794382 = {
						CreatedOnToolsVersion = 11.5;
					};
				};
			};
			buildConfigurationList = A8E82F2D24C358A200794382 /* Build configuration list for PBXProject "AdMob Banner" */;
			compatibilityVersion = "Xcode 9.3";
			developmentRegion = en;
			hasScannedForEncodings = 0;
			knownRegions = (
				en,
				Base,
			);
			mainGroup = A8E82F2924C358A200794382;
			productRefGroup = A8E82F3324C358A200794382 /* Products */;
			projectDirPath = "";
			projectRoot = "";
			targets = (
				A8E82F3124C358A200794382 /* AdMob Banner */,
			);
		};
/* End PBXProject section */

/* Begin PBXResourcesBuildPhase section */
		A8E82F3024C358A200794382 /* Resources */ = {
			isa = PBXResourcesBuildPhase;
			buildActionMask = 2147483647;
			files = (
				A8E82F4224C358A300794382 /* LaunchScreen.storyboard in Resources */,
				A8E82F3F24C358A300794382 /* Preview Assets.xcassets in Resources */,
				A8E82F3C24C358A300794382 /* Assets.xcassets in Resources */,
			);
			runOnlyForDeploymentPostprocessing = 0;
		};
/* End PBXResourcesBuildPhase section */

/* Begin PBXShellScriptBuildPhase section */
		694D5E62D6339DC5F8BCA656 /* [CP] Embed Pods Frameworks */ = {
			isa = PBXShellScriptBuildPhase;
			buildActionMask = 2147483647;
			files = (
			);
			inputFileListPaths = (
				"${PODS_ROOT}/Target Support Files/Pods-AdMob Banner/Pods-AdMob Banner-frameworks-${CONFIGURATION}-input-files.xcfilelist",
			);
			name = "[CP] Embed Pods Frameworks";
			outputFileListPaths = (
				"${PODS_ROOT}/Target Support Files/Pods-AdMob Banner/Pods-AdMob Banner-frameworks-${CONFIGURATION}-output-files.xcfilelist",
			);
			runOnlyForDeploymentPostprocessing = 0;
			shellPath = /bin/sh;
			shellScript = "\"${PODS_ROOT}/Target Support Files/Pods-AdMob Banner/Pods-AdMob Banner-frameworks.sh\"\n";
			showEnvVarsInLog = 0;
		};
		B1DB76D6CFC7FFC3BD1C71FD /* [CP] Check Pods Manifest.lock */ = {
			isa = PBXShellScriptBuildPhase;
			buildActionMask = 2147483647;
			files = (
			);
			inputFileListPaths = (
			);
			inputPaths = (
				"${PODS_PODFILE_DIR_PATH}/Podfile.lock",
				"${PODS_ROOT}/Manifest.lock",
			);
			name = "[CP] Check Pods Manifest.lock";
			outputFileListPaths = (
			);
			outputPaths = (
				"$(DERIVED_FILE_DIR)/Pods-AdMob Banner-checkManifestLockResult.txt",
			);
			runOnlyForDeploymentPostprocessing = 0;
			shellPath = /bin/sh;
			shellScript = "diff \"${PODS_PODFILE_DIR_PATH}/Podfile.lock\" \"${PODS_ROOT}/Manifest.lock\" > /dev/null\nif [ $? != 0 ] ; then\n    # print error to STDERR\n    echo \"error: The sandbox is not in sync with the Podfile.lock. Run 'pod install' or update your CocoaPods installation.\" >&2\n    exit 1\nfi\n# This output is used by Xcode 'outputs' to avoid re-running this script phase.\necho \"SUCCESS\" > \"${SCRIPT_OUTPUT_FILE_0}\"\n";
			showEnvVarsInLog = 0;
		};
/* End PBXShellScriptBuildPhase section */

/* Begin PBXSourcesBuildPhase section */
		A8E82F2E24C358A200794382 /* Sources */ = {
			isa = PBXSourcesBuildPhase;
			buildActionMask = 2147483647;
			files = (
				A8E82F3624C358A200794382 /* AppDelegate.swift in Sources */,
				A8E82F3824C358A200794382 /* SceneDelegate.swift in Sources */,
				A8E82F3A24C358A200794382 /* ContentView.swift in Sources */,
			);
			runOnlyForDeploymentPostprocessing = 0;
		};
/* End PBXSourcesBuildPhase section */

/* Begin PBXVariantGroup section */
		A8E82F4024C358A300794382 /* LaunchScreen.storyboard */ = {
			isa = PBXVariantGroup;
			children = (
				A8E82F4124C358A300794382 /* Base */,
			);
			name = LaunchScreen.storyboard;
			sourceTree = "<group>";
		};
/* End PBXVariantGroup section */

/* Begin XCBuildConfiguration section */
		A8E82F4424C358A300794382 /* Debug */ = {
			isa = XCBuildConfiguration;
			buildSettings = {
				ALWAYS_SEARCH_USER_PATHS = NO;
				CLANG_ANALYZER_NONNULL = YES;
				CLANG_ANALYZER_NUMBER_OBJECT_CONVERSION = YES_AGGRESSIVE;
				CLANG_CXX_LANGUAGE_STANDARD = "gnu++14";
				CLANG_CXX_LIBRARY = "libc++";
				CLANG_ENABLE_MODULES = YES;
				CLANG_ENABLE_OBJC_ARC = YES;
				CLANG_ENABLE_OBJC_WEAK = YES;
				CLANG_WARN_BLOCK_CAPTURE_AUTORELEASING = YES;
				CLANG_WARN_BOOL_CONVERSION = YES;
				CLANG_WARN_COMMA = YES;
				CLANG_WARN_CONSTANT_CONVERSION = YES;
				CLANG_WARN_DEPRECATED_OBJC_IMPLEMENTATIONS = YES;
				CLANG_WARN_DIRECT_OBJC_ISA_USAGE = YES_ERROR;
				CLANG_WARN_DOCUMENTATION_COMMENTS = YES;
				CLANG_WARN_EMPTY_BODY = YES;
				CLANG_WARN_ENUM_CONVERSION = YES;
				CLANG_WARN_INFINITE_RECURSION = YES;
				CLANG_WARN_INT_CONVERSION = YES;
				CLANG_WARN_NON_LITERAL_NULL_CONVERSION = YES;
				CLANG_WARN_OBJC_IMPLICIT_RETAIN_SELF = YES;
				CLANG_WARN_OBJC_LITERAL_CONVERSION = YES;
				CLANG_WARN_OBJC_ROOT_CLASS = YES_ERROR;
				CLANG_WARN_RANGE_LOOP_ANALYSIS = YES;
				CLANG_WARN_STRICT_PROTOTYPES = YES;
				CLANG_WARN_SUSPICIOUS_MOVE = YES;
				CLANG_WARN_UNGUARDED_AVAILABILITY = YES_AGGRESSIVE;
				CLANG_WARN_UNREACHABLE_CODE = YES;
				CLANG_WARN__DUPLICATE_METHOD_MATCH = YES;
				COPY_PHASE_STRIP = NO;
				DEBUG_INFORMATION_FORMAT = dwarf;
				ENABLE_STRICT_OBJC_MSGSEND = YES;
				ENABLE_TESTABILITY = YES;
				GCC_C_LANGUAGE_STANDARD = gnu11;
				GCC_DYNAMIC_NO_PIC = NO;
				GCC_NO_COMMON_BLOCKS = YES;
				GCC_OPTIMIZATION_LEVEL = 0;
				GCC_PREPROCESSOR_DEFINITIONS = (
					"DEBUG=1",
					"$(inherited)",
				);
				GCC_WARN_64_TO_32_BIT_CONVERSION = YES;
				GCC_WARN_ABOUT_RETURN_TYPE = YES_ERROR;
				GCC_WARN_UNDECLARED_SELECTOR = YES;
				GCC_WARN_UNINITIALIZED_AUTOS = YES_AGGRESSIVE;
				GCC_WARN_UNUSED_FUNCTION = YES;
				GCC_WARN_UNUSED_VARIABLE = YES;
				IPHONEOS_DEPLOYMENT_TARGET = 13.5;
				MTL_ENABLE_DEBUG_INFO = INCLUDE_SOURCE;
				MTL_FAST_MATH = YES;
				ONLY_ACTIVE_ARCH = YES;
				SDKROOT = iphoneos;
				SWIFT_ACTIVE_COMPILATION_CONDITIONS = DEBUG;
				SWIFT_OPTIMIZATION_LEVEL = "-Onone";
			};
			name = Debug;
		};
		A8E82F4524C358A300794382 /* Release */ = {
			isa = XCBuildConfiguration;
			buildSettings = {
				ALWAYS_SEARCH_USER_PATHS = NO;
				CLANG_ANALYZER_NONNULL = YES;
				CLANG_ANALYZER_NUMBER_OBJECT_CONVERSION = YES_AGGRESSIVE;
				CLANG_CXX_LANGUAGE_STANDARD = "gnu++14";
				CLANG_CXX_LIBRARY = "libc++";
				CLANG_ENABLE_MODULES = YES;
				CLANG_ENABLE_OBJC_ARC = YES;
				CLANG_ENABLE_OBJC_WEAK = YES;
				CLANG_WARN_BLOCK_CAPTURE_AUTORELEASING = YES;
				CLANG_WARN_BOOL_CONVERSION = YES;
				CLANG_WARN_COMMA = YES;
				CLANG_WARN_CONSTANT_CONVERSION = YES;
				CLANG_WARN_DEPRECATED_OBJC_IMPLEMENTATIONS = YES;
				CLANG_WARN_DIRECT_OBJC_ISA_USAGE = YES_ERROR;
				CLANG_WARN_DOCUMENTATION_COMMENTS = YES;
				CLANG_WARN_EMPTY_BODY = YES;
				CLANG_WARN_ENUM_CONVERSION = YES;
				CLANG_WARN_INFINITE_RECURSION = YES;
				CLANG_WARN_INT_CONVERSION = YES;
				CLANG_WARN_NON_LITERAL_NULL_CONVERSION = YES;
				CLANG_WARN_OBJC_IMPLICIT_RETAIN_SELF = YES;
				CLANG_WARN_OBJC_LITERAL_CONVERSION = YES;
				CLANG_WARN_OBJC_ROOT_CLASS = YES_ERROR;
				CLANG_WARN_RANGE_LOOP_ANALYSIS = YES;
				CLANG_WARN_STRICT_PROTOTYPES = YES;
				CLANG_WARN_SUSPICIOUS_MOVE = YES;
				CLANG_WARN_UNGUARDED_AVAILABILITY = YES_AGGRESSIVE;
				CLANG_WARN_UNREACHABLE_CODE = YES;
				CLANG_WARN__DUPLICATE_METHOD_MATCH = YES;
				COPY_PHASE_STRIP = NO;
				DEBUG_INFORMATION_FORMAT = "dwarf-with-dsym";
				ENABLE_NS_ASSERTIONS = NO;
				ENABLE_STRICT_OBJC_MSGSEND = YES;
				GCC_C_LANGUAGE_STANDARD = gnu11;
				GCC_NO_COMMON_BLOCKS = YES;
				GCC_WARN_64_TO_32_BIT_CONVERSION = YES;
				GCC_WARN_ABOUT_RETURN_TYPE = YES_ERROR;
				GCC_WARN_UNDECLARED_SELECTOR = YES;
				GCC_WARN_UNINITIALIZED_AUTOS = YES_AGGRESSIVE;
				GCC_WARN_UNUSED_FUNCTION = YES;
				GCC_WARN_UNUSED_VARIABLE = YES;
				IPHONEOS_DEPLOYMENT_TARGET = 13.5;
				MTL_ENABLE_DEBUG_INFO = NO;
				MTL_FAST_MATH = YES;
				SDKROOT = iphoneos;
				SWIFT_COMPILATION_MODE = wholemodule;
				SWIFT_OPTIMIZATION_LEVEL = "-O";
				VALIDATE_PRODUCT = YES;
			};
			name = Release;
		};
		A8E82F4724C358A300794382 /* Debug */ = {
			isa = XCBuildConfiguration;
			baseConfigurationReference = 0946F67BACC1AE0E30F5EE66 /* Pods-AdMob Banner.debug.xcconfig */;
			buildSettings = {
				ASSETCATALOG_COMPILER_APPICON_NAME = AppIcon;
				CODE_SIGN_STYLE = Automatic;
				DEVELOPMENT_ASSET_PATHS = "\"AdMob Banner/Preview Content\"";
				ENABLE_PREVIEWS = YES;
				INFOPLIST_FILE = "AdMob Banner/Info.plist";
				LD_RUNPATH_SEARCH_PATHS = (
					"$(inherited)",
					"@executable_path/Frameworks",
				);
				PRODUCT_BUNDLE_IDENTIFIER = "com.Alejandro.AdMob-Banner";
				PRODUCT_NAME = "$(TARGET_NAME)";
				SWIFT_VERSION = 5.0;
				TARGETED_DEVICE_FAMILY = "1,2";
			};
			name = Debug;
		};
		A8E82F4824C358A300794382 /* Release */ = {
			isa = XCBuildConfiguration;
			baseConfigurationReference = F2A1BBD38BCF7DE40DFE4F47 /* Pods-AdMob Banner.release.xcconfig */;
			buildSettings = {
				ASSETCATALOG_COMPILER_APPICON_NAME = AppIcon;
				CODE_SIGN_STYLE = Automatic;
				DEVELOPMENT_ASSET_PATHS = "\"AdMob Banner/Preview Content\"";
				ENABLE_PREVIEWS = YES;
				INFOPLIST_FILE = "AdMob Banner/Info.plist";
				LD_RUNPATH_SEARCH_PATHS = (
					"$(inherited)",
					"@executable_path/Frameworks",
				);
				PRODUCT_BUNDLE_IDENTIFIER = "com.Alejandro.AdMob-Banner";
				PRODUCT_NAME = "$(TARGET_NAME)";
				SWIFT_VERSION = 5.0;
				TARGETED_DEVICE_FAMILY = "1,2";
			};
			name = Release;
		};
/* End XCBuildConfiguration section */

/* Begin XCConfigurationList section */
		A8E82F2D24C358A200794382 /* Build configuration list for PBXProject "AdMob Banner" */ = {
			isa = XCConfigurationList;
			buildConfigurations = (
				A8E82F4424C358A300794382 /* Debug */,
				A8E82F4524C358A300794382 /* Release */,
			);
			defaultConfigurationIsVisible = 0;
			defaultConfigurationName = Release;
		};
		A8E82F4624C358A300794382 /* Build configuration list for PBXNativeTarget "AdMob Banner" */ = {
			isa = XCConfigurationList;
			buildConfigurations = (
				A8E82F4724C358A300794382 /* Debug */,
				A8E82F4824C358A300794382 /* Release */,
			);
			defaultConfigurationIsVisible = 0;
			defaultConfigurationName = Release;
		};
/* End XCConfigurationList section */
	};
	rootObject = A8E82F2A24C358A200794382 /* Project object */;
}
